// !$*UTF8*$!
{
	archiveVersion = 1;
	classes = {
	};
	objectVersion = 56;
	objects = {

/* Begin PBXBuildFile section */
		0D1302A12C23F11900710D43 /* DroppableBox.swift in Sources */ = {isa = PBXBuildFile; fileRef = 0D1302A02C23F11900710D43 /* DroppableBox.swift */; };
		0D1302A32C241EE600710D43 /* QuizWordBlankView.swift in Sources */ = {isa = PBXBuildFile; fileRef = 0D1302A22C241EE600710D43 /* QuizWordBlankView.swift */; };
		3A64C1662C23E3BE00D0AC3A /* AnswerButton.swift in Sources */ = {isa = PBXBuildFile; fileRef = 3A64C1652C23E3BE00D0AC3A /* AnswerButton.swift */; };
		3A64C1682C23E3E600D0AC3A /* ChoicePoolView.swift in Sources */ = {isa = PBXBuildFile; fileRef = 3A64C1672C23E3E600D0AC3A /* ChoicePoolView.swift */; };
		3A64C16A2C23E40500D0AC3A /* QuizMultiChoiceView.swift in Sources */ = {isa = PBXBuildFile; fileRef = 3A64C1692C23E40500D0AC3A /* QuizMultiChoiceView.swift */; };
		3A64C16C2C23E41600D0AC3A /* QuizFillBlankView.swift in Sources */ = {isa = PBXBuildFile; fileRef = 3A64C16B2C23E41600D0AC3A /* QuizFillBlankView.swift */; };
		3A9203E42C22751C00C4E9C4 /* CendekiawanApp.swift in Sources */ = {isa = PBXBuildFile; fileRef = 3A9203E32C22751C00C4E9C4 /* CendekiawanApp.swift */; };
		3A9203E62C22751C00C4E9C4 /* ContentView.swift in Sources */ = {isa = PBXBuildFile; fileRef = 3A9203E52C22751C00C4E9C4 /* ContentView.swift */; };
		3A9203E82C22751D00C4E9C4 /* Assets.xcassets in Resources */ = {isa = PBXBuildFile; fileRef = 3A9203E72C22751D00C4E9C4 /* Assets.xcassets */; };
		3A9203EB2C22751D00C4E9C4 /* Preview Assets.xcassets in Resources */ = {isa = PBXBuildFile; fileRef = 3A9203EA2C22751D00C4E9C4 /* Preview Assets.xcassets */; };
		3AE5D7FD2C24397D001AB9A4 /* QuizMatchingWordView.swift in Sources */ = {isa = PBXBuildFile; fileRef = 3AE5D7FC2C24397D001AB9A4 /* QuizMatchingWordView.swift */; };
		3AE5D8012C244030001AB9A4 /* QuizView.swift in Sources */ = {isa = PBXBuildFile; fileRef = 3AE5D8002C244030001AB9A4 /* QuizView.swift */; };
		3AE5D8032C247754001AB9A4 /* QuizMatchingWordViewModel.swift in Sources */ = {isa = PBXBuildFile; fileRef = 3AE5D8022C247754001AB9A4 /* QuizMatchingWordViewModel.swift */; };
		93713BE02C22A3B000B41CD9 /* Quiz.swift in Sources */ = {isa = PBXBuildFile; fileRef = 93713BDF2C22A3B000B41CD9 /* Quiz.swift */; };
		93713BE22C22A52E00B41CD9 /* Feedback.swift in Sources */ = {isa = PBXBuildFile; fileRef = 93713BE12C22A52E00B41CD9 /* Feedback.swift */; };
		93713BE42C22CA1100B41CD9 /* QuizMultiChoice.swift in Sources */ = {isa = PBXBuildFile; fileRef = 93713BE32C22CA1100B41CD9 /* QuizMultiChoice.swift */; };
		3AAAFB6F2C252D8C00D25FC2 /* User.swift in Sources */ = {isa = PBXBuildFile; fileRef = 3AAAFB6E2C252D8C00D25FC2 /* User.swift */; };
		93713BE62C22CB4A00B41CD9 /* Choice.swift in Sources */ = {isa = PBXBuildFile; fileRef = 93713BE52C22CB4A00B41CD9 /* Choice.swift */; };
		93713BF02C23179300B41CD9 /* QuizViewModel.swift in Sources */ = {isa = PBXBuildFile; fileRef = 93713BEF2C23179300B41CD9 /* QuizViewModel.swift */; };
		93713BF42C2317F400B41CD9 /* QuizResultView.swift in Sources */ = {isa = PBXBuildFile; fileRef = 93713BF32C2317F400B41CD9 /* QuizResultView.swift */; };
		93713BF62C23188F00B41CD9 /* Trophy.swift in Sources */ = {isa = PBXBuildFile; fileRef = 93713BF52C23188F00B41CD9 /* Trophy.swift */; };
		93B233862C23CF2A006DCAFF /* GoogleService-Info.plist in Resources */ = {isa = PBXBuildFile; fileRef = 93B233852C23CF2A006DCAFF /* GoogleService-Info.plist */; };
		93B233892C23CF5A006DCAFF /* FirebaseAuth in Frameworks */ = {isa = PBXBuildFile; productRef = 93B233882C23CF5A006DCAFF /* FirebaseAuth */; };
		93B2338B2C23CF5A006DCAFF /* FirebaseFirestore in Frameworks */ = {isa = PBXBuildFile; productRef = 93B2338A2C23CF5A006DCAFF /* FirebaseFirestore */; };
		93B233932C245BDC006DCAFF /* Level.swift in Sources */ = {isa = PBXBuildFile; fileRef = 93B233922C245BDC006DCAFF /* Level.swift */; };
		93B2339B2C2479C2006DCAFF /* StoreQuizData.swift in Sources */ = {isa = PBXBuildFile; fileRef = 93B2339A2C2479C2006DCAFF /* StoreQuizData.swift */; };
		93B2339D2C251108006DCAFF /* QuizAll.json in Resources */ = {isa = PBXBuildFile; fileRef = 93B2339C2C251108006DCAFF /* QuizAll.json */; };
		93B2339F2C2516F6006DCAFF /* StoreFeedback.swift in Sources */ = {isa = PBXBuildFile; fileRef = 93B2339E2C2516F6006DCAFF /* StoreFeedback.swift */; };
		93B233A12C25171E006DCAFF /* StoreChoice.swift in Sources */ = {isa = PBXBuildFile; fileRef = 93B233A02C25171E006DCAFF /* StoreChoice.swift */; };
/* End PBXBuildFile section */

/* Begin PBXFileReference section */
		0D1302A02C23F11900710D43 /* DroppableBox.swift */ = {isa = PBXFileReference; lastKnownFileType = sourcecode.swift; path = DroppableBox.swift; sourceTree = "<group>"; };
		0D1302A22C241EE600710D43 /* QuizWordBlankView.swift */ = {isa = PBXFileReference; lastKnownFileType = sourcecode.swift; path = QuizWordBlankView.swift; sourceTree = "<group>"; };
		3A64C1652C23E3BE00D0AC3A /* AnswerButton.swift */ = {isa = PBXFileReference; lastKnownFileType = sourcecode.swift; path = AnswerButton.swift; sourceTree = "<group>"; };
		3A64C1672C23E3E600D0AC3A /* ChoicePoolView.swift */ = {isa = PBXFileReference; lastKnownFileType = sourcecode.swift; path = ChoicePoolView.swift; sourceTree = "<group>"; };
		3A64C1692C23E40500D0AC3A /* QuizMultiChoiceView.swift */ = {isa = PBXFileReference; lastKnownFileType = sourcecode.swift; path = QuizMultiChoiceView.swift; sourceTree = "<group>"; };
		3A64C16B2C23E41600D0AC3A /* QuizFillBlankView.swift */ = {isa = PBXFileReference; lastKnownFileType = sourcecode.swift; path = QuizFillBlankView.swift; sourceTree = "<group>"; };
		3A64C16D2C23E47600D0AC3A /* Info.plist */ = {isa = PBXFileReference; lastKnownFileType = text.plist; path = Info.plist; sourceTree = "<group>"; };
		3A9203E02C22751C00C4E9C4 /* Cendekiawan.app */ = {isa = PBXFileReference; explicitFileType = wrapper.application; includeInIndex = 0; path = Cendekiawan.app; sourceTree = BUILT_PRODUCTS_DIR; };
		3A9203E32C22751C00C4E9C4 /* CendekiawanApp.swift */ = {isa = PBXFileReference; lastKnownFileType = sourcecode.swift; path = CendekiawanApp.swift; sourceTree = "<group>"; };
		3A9203E52C22751C00C4E9C4 /* ContentView.swift */ = {isa = PBXFileReference; lastKnownFileType = sourcecode.swift; path = ContentView.swift; sourceTree = "<group>"; };
		3A9203E72C22751D00C4E9C4 /* Assets.xcassets */ = {isa = PBXFileReference; lastKnownFileType = folder.assetcatalog; path = Assets.xcassets; sourceTree = "<group>"; };
		3A9203EA2C22751D00C4E9C4 /* Preview Assets.xcassets */ = {isa = PBXFileReference; lastKnownFileType = folder.assetcatalog; path = "Preview Assets.xcassets"; sourceTree = "<group>"; };
		3AE5D7FC2C24397D001AB9A4 /* QuizMatchingWordView.swift */ = {isa = PBXFileReference; lastKnownFileType = sourcecode.swift; path = QuizMatchingWordView.swift; sourceTree = "<group>"; };
		3AE5D8002C244030001AB9A4 /* QuizView.swift */ = {isa = PBXFileReference; lastKnownFileType = sourcecode.swift; path = QuizView.swift; sourceTree = "<group>"; };
		3AE5D8022C247754001AB9A4 /* QuizMatchingWordViewModel.swift */ = {isa = PBXFileReference; lastKnownFileType = sourcecode.swift; path = QuizMatchingWordViewModel.swift; sourceTree = "<group>"; };
		93713BDF2C22A3B000B41CD9 /* Quiz.swift */ = {isa = PBXFileReference; lastKnownFileType = sourcecode.swift; path = Quiz.swift; sourceTree = "<group>"; };
		93713BE12C22A52E00B41CD9 /* Feedback.swift */ = {isa = PBXFileReference; lastKnownFileType = sourcecode.swift; path = Feedback.swift; sourceTree = "<group>"; };
		93713BE32C22CA1100B41CD9 /* QuizMultiChoice.swift */ = {isa = PBXFileReference; lastKnownFileType = sourcecode.swift; path = QuizMultiChoice.swift; sourceTree = "<group>"; };
		3AAAFB6E2C252D8C00D25FC2 /* User.swift */ = {isa = PBXFileReference; fileEncoding = 4; lastKnownFileType = sourcecode.swift; path = User.swift; sourceTree = "<group>"; };
		93713BE52C22CB4A00B41CD9 /* Choice.swift */ = {isa = PBXFileReference; lastKnownFileType = sourcecode.swift; path = Choice.swift; sourceTree = "<group>"; };
		93713BEF2C23179300B41CD9 /* QuizViewModel.swift */ = {isa = PBXFileReference; lastKnownFileType = sourcecode.swift; path = QuizViewModel.swift; sourceTree = "<group>"; };
		93713BF32C2317F400B41CD9 /* QuizResultView.swift */ = {isa = PBXFileReference; lastKnownFileType = sourcecode.swift; path = QuizResultView.swift; sourceTree = "<group>"; };
		93713BF52C23188F00B41CD9 /* Trophy.swift */ = {isa = PBXFileReference; lastKnownFileType = sourcecode.swift; path = Trophy.swift; sourceTree = "<group>"; };
		93B233852C23CF2A006DCAFF /* GoogleService-Info.plist */ = {isa = PBXFileReference; fileEncoding = 4; lastKnownFileType = text.plist.xml; path = "GoogleService-Info.plist"; sourceTree = "<group>"; };
		93B233922C245BDC006DCAFF /* Level.swift */ = {isa = PBXFileReference; lastKnownFileType = sourcecode.swift; path = Level.swift; sourceTree = "<group>"; };
		93B2339A2C2479C2006DCAFF /* StoreQuizData.swift */ = {isa = PBXFileReference; lastKnownFileType = sourcecode.swift; path = StoreQuizData.swift; sourceTree = "<group>"; };
		93B2339C2C251108006DCAFF /* QuizAll.json */ = {isa = PBXFileReference; fileEncoding = 4; lastKnownFileType = text.json; path = QuizAll.json; sourceTree = "<group>"; };
		93B2339E2C2516F6006DCAFF /* StoreFeedback.swift */ = {isa = PBXFileReference; lastKnownFileType = sourcecode.swift; path = StoreFeedback.swift; sourceTree = "<group>"; };
		93B233A02C25171E006DCAFF /* StoreChoice.swift */ = {isa = PBXFileReference; lastKnownFileType = sourcecode.swift; path = StoreChoice.swift; sourceTree = "<group>"; };
/* End PBXFileReference section */

/* Begin PBXFrameworksBuildPhase section */
		3A9203DD2C22751C00C4E9C4 /* Frameworks */ = {
			isa = PBXFrameworksBuildPhase;
			buildActionMask = 2147483647;
			files = (
				93B233892C23CF5A006DCAFF /* FirebaseAuth in Frameworks */,
				93B2338B2C23CF5A006DCAFF /* FirebaseFirestore in Frameworks */,
			);
			runOnlyForDeploymentPostprocessing = 0;
		};
/* End PBXFrameworksBuildPhase section */

/* Begin PBXGroup section */
		3A64C1642C23E3AF00D0AC3A /* Components */ = {
			isa = PBXGroup;
			children = (
				3A64C1652C23E3BE00D0AC3A /* AnswerButton.swift */,
				3A64C1672C23E3E600D0AC3A /* ChoicePoolView.swift */,
				0D1302A02C23F11900710D43 /* DroppableBox.swift */,
			);
			name = Components;
			sourceTree = "<group>";
		};
		3A9203D72C22751C00C4E9C4 = {
			isa = PBXGroup;
			children = (
				3A9203E22C22751C00C4E9C4 /* Cendekiawan */,
				3A9203E12C22751C00C4E9C4 /* Products */,
			);
			sourceTree = "<group>";
		};
		3A9203E12C22751C00C4E9C4 /* Products */ = {
			isa = PBXGroup;
			children = (
				3A9203E02C22751C00C4E9C4 /* Cendekiawan.app */,
			);
			name = Products;
			sourceTree = "<group>";
		};
		3A9203E22C22751C00C4E9C4 /* Cendekiawan */ = {
			isa = PBXGroup;
			children = (
				3A64C16D2C23E47600D0AC3A /* Info.plist */,
				93B233852C23CF2A006DCAFF /* GoogleService-Info.plist */,
				93B2339C2C251108006DCAFF /* QuizAll.json */,
				3A9203E32C22751C00C4E9C4 /* CendekiawanApp.swift */,
				93713BF12C2317CC00B41CD9 /* View */,
				3A9203E72C22751D00C4E9C4 /* Assets.xcassets */,
				93713BF22C2317D200B41CD9 /* ViewModel */,
				93713BEE2C22D2A500B41CD9 /* Model */,
				3A9203E92C22751D00C4E9C4 /* Preview Content */,
			);
			path = Cendekiawan;
			sourceTree = "<group>";
		};
		3A9203E92C22751D00C4E9C4 /* Preview Content */ = {
			isa = PBXGroup;
			children = (
				3A9203EA2C22751D00C4E9C4 /* Preview Assets.xcassets */,
			);
			path = "Preview Content";
			sourceTree = "<group>";
		};
		93713BEE2C22D2A500B41CD9 /* Model */ = {
			isa = PBXGroup;
			children = (
				3AAAFB6E2C252D8C00D25FC2 /* User.swift */,
				93B233922C245BDC006DCAFF /* Level.swift */,
				93B2339A2C2479C2006DCAFF /* StoreQuizData.swift */,
				93B2339E2C2516F6006DCAFF /* StoreFeedback.swift */,
				93B233A02C25171E006DCAFF /* StoreChoice.swift */,
				93713BE52C22CB4A00B41CD9 /* Choice.swift */,
				93713BF52C23188F00B41CD9 /* Trophy.swift */,
			);
			path = Model;
			sourceTree = "<group>";
		};
		93713BF12C2317CC00B41CD9 /* View */ = {
			isa = PBXGroup;
			children = (
				3A64C1642C23E3AF00D0AC3A /* Components */,
				3A9203E52C22751C00C4E9C4 /* ContentView.swift */,
				3AE5D8002C244030001AB9A4 /* QuizView.swift */,
				93713BF32C2317F400B41CD9 /* QuizResultView.swift */,
				3A64C1692C23E40500D0AC3A /* QuizMultiChoiceView.swift */,
				3A64C16B2C23E41600D0AC3A /* QuizFillBlankView.swift */,
				0D1302A22C241EE600710D43 /* QuizWordBlankView.swift */,
				3AE5D7FC2C24397D001AB9A4 /* QuizMatchingWordView.swift */,
				3A64C16E2C23EB1B00D0AC3A /* HomeView.swift */,
			);
			name = View;
			sourceTree = "<group>";
		};
		93713BF22C2317D200B41CD9 /* ViewModel */ = {
			isa = PBXGroup;
			children = (
				93713BEF2C23179300B41CD9 /* QuizViewModel.swift */,
				3AE5D8022C247754001AB9A4 /* QuizMatchingWordViewModel.swift */,
			);
			name = ViewModel;
			sourceTree = "<group>";
		};
/* End PBXGroup section */

/* Begin PBXNativeTarget section */
		3A9203DF2C22751C00C4E9C4 /* Cendekiawan */ = {
			isa = PBXNativeTarget;
			buildConfigurationList = 3A9203EE2C22751D00C4E9C4 /* Build configuration list for PBXNativeTarget "Cendekiawan" */;
			buildPhases = (
				3A9203DC2C22751C00C4E9C4 /* Sources */,
				3A9203DD2C22751C00C4E9C4 /* Frameworks */,
				3A9203DE2C22751C00C4E9C4 /* Resources */,
			);
			buildRules = (
			);
			dependencies = (
			);
			name = Cendekiawan;
			packageProductDependencies = (
				93B233882C23CF5A006DCAFF /* FirebaseAuth */,
				93B2338A2C23CF5A006DCAFF /* FirebaseFirestore */,
			);
			productName = Cendekiawan;
			productReference = 3A9203E02C22751C00C4E9C4 /* Cendekiawan.app */;
			productType = "com.apple.product-type.application";
		};
/* End PBXNativeTarget section */

/* Begin PBXProject section */
		3A9203D82C22751C00C4E9C4 /* Project object */ = {
			isa = PBXProject;
			attributes = {
				BuildIndependentTargetsInParallel = 1;
				LastSwiftUpdateCheck = 1540;
				LastUpgradeCheck = 1540;
				TargetAttributes = {
					3A9203DF2C22751C00C4E9C4 = {
						CreatedOnToolsVersion = 15.4;
					};
				};
			};
			buildConfigurationList = 3A9203DB2C22751C00C4E9C4 /* Build configuration list for PBXProject "Cendekiawan" */;
			compatibilityVersion = "Xcode 14.0";
			developmentRegion = en;
			hasScannedForEncodings = 0;
			knownRegions = (
				en,
				Base,
			);
			mainGroup = 3A9203D72C22751C00C4E9C4;
			packageReferences = (
				93B233872C23CF5A006DCAFF /* XCRemoteSwiftPackageReference "firebase-ios-sdk" */,
			);
			productRefGroup = 3A9203E12C22751C00C4E9C4 /* Products */;
			projectDirPath = "";
			projectRoot = "";
			targets = (
				3A9203DF2C22751C00C4E9C4 /* Cendekiawan */,
			);
		};
/* End PBXProject section */

/* Begin PBXResourcesBuildPhase section */
		3A9203DE2C22751C00C4E9C4 /* Resources */ = {
			isa = PBXResourcesBuildPhase;
			buildActionMask = 2147483647;
			files = (
				3A9203EB2C22751D00C4E9C4 /* Preview Assets.xcassets in Resources */,
				93B233862C23CF2A006DCAFF /* GoogleService-Info.plist in Resources */,
				93B2339D2C251108006DCAFF /* QuizAll.json in Resources */,
				3A9203E82C22751D00C4E9C4 /* Assets.xcassets in Resources */,
			);
			runOnlyForDeploymentPostprocessing = 0;
		};
/* End PBXResourcesBuildPhase section */

/* Begin PBXSourcesBuildPhase section */
		3A9203DC2C22751C00C4E9C4 /* Sources */ = {
			isa = PBXSourcesBuildPhase;
			buildActionMask = 2147483647;
			files = (
				93713BE62C22CB4A00B41CD9 /* Choice.swift in Sources */,
				93B2339B2C2479C2006DCAFF /* StoreQuizData.swift in Sources */,
				93713BEC2C22D24900B41CD9 /* QuizWordBlank.swift in Sources */,
				3AE5D7FD2C24397D001AB9A4 /* QuizMatchingWordView.swift in Sources */,
				93713BE82C22CBF000B41CD9 /* QuizFillBlank.swift in Sources */,
				3A64C1682C23E3E600D0AC3A /* ChoicePoolView.swift in Sources */,
				3A64C1662C23E3BE00D0AC3A /* AnswerButton.swift in Sources */,
				93B233A12C25171E006DCAFF /* StoreChoice.swift in Sources */,
				3A64C16C2C23E41600D0AC3A /* QuizFillBlankView.swift in Sources */,
				93713BF42C2317F400B41CD9 /* QuizResultView.swift in Sources */,
				93713BF02C23179300B41CD9 /* QuizViewModel.swift in Sources */,
				3A9203E62C22751C00C4E9C4 /* ContentView.swift in Sources */,
				93B233932C245BDC006DCAFF /* Level.swift in Sources */,
				3A9203E42C22751C00C4E9C4 /* CendekiawanApp.swift in Sources */,
				0D1302A12C23F11900710D43 /* DroppableBox.swift in Sources */,
				93713BF62C23188F00B41CD9 /* Trophy.swift in Sources */,
				0D1302A32C241EE600710D43 /* QuizWordBlankView.swift in Sources */,
				93713BE42C22CA1100B41CD9 /* QuizMultiChoice.swift in Sources */,
				3AE5D8012C244030001AB9A4 /* QuizView.swift in Sources */,
				93713BEA2C22CC6100B41CD9 /* QuizConnect.swift in Sources */,
				3AE5D8032C247754001AB9A4 /* QuizMatchingWordViewModel.swift in Sources */,
				3A64C16A2C23E40500D0AC3A /* QuizMultiChoiceView.swift in Sources */,
				93B2339F2C2516F6006DCAFF /* StoreFeedback.swift in Sources */,
				3AAAFB6F2C252D8C00D25FC2 /* User.swift in Sources */,
			);
			runOnlyForDeploymentPostprocessing = 0;
		};
/* End PBXSourcesBuildPhase section */

/* Begin XCBuildConfiguration section */
		3A9203EC2C22751D00C4E9C4 /* Debug */ = {
			isa = XCBuildConfiguration;
			buildSettings = {
				ALWAYS_SEARCH_USER_PATHS = NO;
				ASSETCATALOG_COMPILER_GENERATE_SWIFT_ASSET_SYMBOL_EXTENSIONS = YES;
				CLANG_ANALYZER_NONNULL = YES;
				CLANG_ANALYZER_NUMBER_OBJECT_CONVERSION = YES_AGGRESSIVE;
				CLANG_CXX_LANGUAGE_STANDARD = "gnu++20";
				CLANG_ENABLE_MODULES = YES;
				CLANG_ENABLE_OBJC_ARC = YES;
				CLANG_ENABLE_OBJC_WEAK = YES;
				CLANG_WARN_BLOCK_CAPTURE_AUTORELEASING = YES;
				CLANG_WARN_BOOL_CONVERSION = YES;
				CLANG_WARN_COMMA = YES;
				CLANG_WARN_CONSTANT_CONVERSION = YES;
				CLANG_WARN_DEPRECATED_OBJC_IMPLEMENTATIONS = YES;
				CLANG_WARN_DIRECT_OBJC_ISA_USAGE = YES_ERROR;
				CLANG_WARN_DOCUMENTATION_COMMENTS = YES;
				CLANG_WARN_EMPTY_BODY = YES;
				CLANG_WARN_ENUM_CONVERSION = YES;
				CLANG_WARN_INFINITE_RECURSION = YES;
				CLANG_WARN_INT_CONVERSION = YES;
				CLANG_WARN_NON_LITERAL_NULL_CONVERSION = YES;
				CLANG_WARN_OBJC_IMPLICIT_RETAIN_SELF = YES;
				CLANG_WARN_OBJC_LITERAL_CONVERSION = YES;
				CLANG_WARN_OBJC_ROOT_CLASS = YES_ERROR;
				CLANG_WARN_QUOTED_INCLUDE_IN_FRAMEWORK_HEADER = YES;
				CLANG_WARN_RANGE_LOOP_ANALYSIS = YES;
				CLANG_WARN_STRICT_PROTOTYPES = YES;
				CLANG_WARN_SUSPICIOUS_MOVE = YES;
				CLANG_WARN_UNGUARDED_AVAILABILITY = YES_AGGRESSIVE;
				CLANG_WARN_UNREACHABLE_CODE = YES;
				CLANG_WARN__DUPLICATE_METHOD_MATCH = YES;
				COPY_PHASE_STRIP = NO;
				DEBUG_INFORMATION_FORMAT = dwarf;
				ENABLE_STRICT_OBJC_MSGSEND = YES;
				ENABLE_TESTABILITY = YES;
				ENABLE_USER_SCRIPT_SANDBOXING = YES;
				GCC_C_LANGUAGE_STANDARD = gnu17;
				GCC_DYNAMIC_NO_PIC = NO;
				GCC_NO_COMMON_BLOCKS = YES;
				GCC_OPTIMIZATION_LEVEL = 0;
				GCC_PREPROCESSOR_DEFINITIONS = (
					"DEBUG=1",
					"$(inherited)",
				);
				GCC_WARN_64_TO_32_BIT_CONVERSION = YES;
				GCC_WARN_ABOUT_RETURN_TYPE = YES_ERROR;
				GCC_WARN_UNDECLARED_SELECTOR = YES;
				GCC_WARN_UNINITIALIZED_AUTOS = YES_AGGRESSIVE;
				GCC_WARN_UNUSED_FUNCTION = YES;
				GCC_WARN_UNUSED_VARIABLE = YES;
				IPHONEOS_DEPLOYMENT_TARGET = 17.5;
				LOCALIZATION_PREFERS_STRING_CATALOGS = YES;
				MTL_ENABLE_DEBUG_INFO = INCLUDE_SOURCE;
				MTL_FAST_MATH = YES;
				ONLY_ACTIVE_ARCH = YES;
				SDKROOT = iphoneos;
				SWIFT_ACTIVE_COMPILATION_CONDITIONS = "DEBUG $(inherited)";
				SWIFT_OPTIMIZATION_LEVEL = "-Onone";
			};
			name = Debug;
		};
		3A9203ED2C22751D00C4E9C4 /* Release */ = {
			isa = XCBuildConfiguration;
			buildSettings = {
				ALWAYS_SEARCH_USER_PATHS = NO;
				ASSETCATALOG_COMPILER_GENERATE_SWIFT_ASSET_SYMBOL_EXTENSIONS = YES;
				CLANG_ANALYZER_NONNULL = YES;
				CLANG_ANALYZER_NUMBER_OBJECT_CONVERSION = YES_AGGRESSIVE;
				CLANG_CXX_LANGUAGE_STANDARD = "gnu++20";
				CLANG_ENABLE_MODULES = YES;
				CLANG_ENABLE_OBJC_ARC = YES;
				CLANG_ENABLE_OBJC_WEAK = YES;
				CLANG_WARN_BLOCK_CAPTURE_AUTORELEASING = YES;
				CLANG_WARN_BOOL_CONVERSION = YES;
				CLANG_WARN_COMMA = YES;
				CLANG_WARN_CONSTANT_CONVERSION = YES;
				CLANG_WARN_DEPRECATED_OBJC_IMPLEMENTATIONS = YES;
				CLANG_WARN_DIRECT_OBJC_ISA_USAGE = YES_ERROR;
				CLANG_WARN_DOCUMENTATION_COMMENTS = YES;
				CLANG_WARN_EMPTY_BODY = YES;
				CLANG_WARN_ENUM_CONVERSION = YES;
				CLANG_WARN_INFINITE_RECURSION = YES;
				CLANG_WARN_INT_CONVERSION = YES;
				CLANG_WARN_NON_LITERAL_NULL_CONVERSION = YES;
				CLANG_WARN_OBJC_IMPLICIT_RETAIN_SELF = YES;
				CLANG_WARN_OBJC_LITERAL_CONVERSION = YES;
				CLANG_WARN_OBJC_ROOT_CLASS = YES_ERROR;
				CLANG_WARN_QUOTED_INCLUDE_IN_FRAMEWORK_HEADER = YES;
				CLANG_WARN_RANGE_LOOP_ANALYSIS = YES;
				CLANG_WARN_STRICT_PROTOTYPES = YES;
				CLANG_WARN_SUSPICIOUS_MOVE = YES;
				CLANG_WARN_UNGUARDED_AVAILABILITY = YES_AGGRESSIVE;
				CLANG_WARN_UNREACHABLE_CODE = YES;
				CLANG_WARN__DUPLICATE_METHOD_MATCH = YES;
				COPY_PHASE_STRIP = NO;
				DEBUG_INFORMATION_FORMAT = "dwarf-with-dsym";
				ENABLE_NS_ASSERTIONS = NO;
				ENABLE_STRICT_OBJC_MSGSEND = YES;
				ENABLE_USER_SCRIPT_SANDBOXING = YES;
				GCC_C_LANGUAGE_STANDARD = gnu17;
				GCC_NO_COMMON_BLOCKS = YES;
				GCC_WARN_64_TO_32_BIT_CONVERSION = YES;
				GCC_WARN_ABOUT_RETURN_TYPE = YES_ERROR;
				GCC_WARN_UNDECLARED_SELECTOR = YES;
				GCC_WARN_UNINITIALIZED_AUTOS = YES_AGGRESSIVE;
				GCC_WARN_UNUSED_FUNCTION = YES;
				GCC_WARN_UNUSED_VARIABLE = YES;
				IPHONEOS_DEPLOYMENT_TARGET = 17.5;
				LOCALIZATION_PREFERS_STRING_CATALOGS = YES;
				MTL_ENABLE_DEBUG_INFO = NO;
				MTL_FAST_MATH = YES;
				SDKROOT = iphoneos;
				SWIFT_COMPILATION_MODE = wholemodule;
				VALIDATE_PRODUCT = YES;
			};
			name = Release;
		};
		3A9203EF2C22751D00C4E9C4 /* Debug */ = {
			isa = XCBuildConfiguration;
			buildSettings = {
				ASSETCATALOG_COMPILER_APPICON_NAME = AppIcon;
				ASSETCATALOG_COMPILER_GLOBAL_ACCENT_COLOR_NAME = AccentColor;
				CODE_SIGN_STYLE = Automatic;
				CURRENT_PROJECT_VERSION = 1;
				DEVELOPMENT_ASSET_PATHS = "\"Cendekiawan/Preview Content\"";
				DEVELOPMENT_TEAM = PS54KA4A89;
				ENABLE_PREVIEWS = YES;
				GENERATE_INFOPLIST_FILE = YES;
				INFOPLIST_FILE = Cendekiawan/Info.plist;
				INFOPLIST_KEY_CFBundleDisplayName = Cerdikiawan;
				INFOPLIST_KEY_UIApplicationSceneManifest_Generation = YES;
				INFOPLIST_KEY_UIApplicationSupportsIndirectInputEvents = YES;
				INFOPLIST_KEY_UILaunchScreen_Generation = YES;
				INFOPLIST_KEY_UISupportedInterfaceOrientations_iPad = "UIInterfaceOrientationLandscapeLeft UIInterfaceOrientationLandscapeRight";
				IPHONEOS_DEPLOYMENT_TARGET = 17.2;
				LD_RUNPATH_SEARCH_PATHS = (
					"$(inherited)",
					"@executable_path/Frameworks",
				);
				MARKETING_VERSION = 1.0;
				PRODUCT_BUNDLE_IDENTIFIER = appleacad.mini2.Cendekiawan;
				PRODUCT_NAME = "$(TARGET_NAME)";
				SWIFT_EMIT_LOC_STRINGS = YES;
				SWIFT_VERSION = 5.0;
				TARGETED_DEVICE_FAMILY = "1,2";
			};
			name = Debug;
		};
		3A9203F02C22751D00C4E9C4 /* Release */ = {
			isa = XCBuildConfiguration;
			buildSettings = {
				ASSETCATALOG_COMPILER_APPICON_NAME = AppIcon;
				ASSETCATALOG_COMPILER_GLOBAL_ACCENT_COLOR_NAME = AccentColor;
				CODE_SIGN_STYLE = Automatic;
				CURRENT_PROJECT_VERSION = 1;
				DEVELOPMENT_ASSET_PATHS = "\"Cendekiawan/Preview Content\"";
				DEVELOPMENT_TEAM = PS54KA4A89;
				ENABLE_PREVIEWS = YES;
				GENERATE_INFOPLIST_FILE = YES;
				INFOPLIST_FILE = Cendekiawan/Info.plist;
				INFOPLIST_KEY_CFBundleDisplayName = Cerdikiawan;
				INFOPLIST_KEY_UIApplicationSceneManifest_Generation = YES;
				INFOPLIST_KEY_UIApplicationSupportsIndirectInputEvents = YES;
				INFOPLIST_KEY_UILaunchScreen_Generation = YES;
				INFOPLIST_KEY_UISupportedInterfaceOrientations_iPad = "UIInterfaceOrientationLandscapeLeft UIInterfaceOrientationLandscapeRight";
				IPHONEOS_DEPLOYMENT_TARGET = 17.2;
				LD_RUNPATH_SEARCH_PATHS = (
					"$(inherited)",
					"@executable_path/Frameworks",
				);
				MARKETING_VERSION = 1.0;
				PRODUCT_BUNDLE_IDENTIFIER = appleacad.mini2.Cendekiawan;
				PRODUCT_NAME = "$(TARGET_NAME)";
				SWIFT_EMIT_LOC_STRINGS = YES;
				SWIFT_VERSION = 5.0;
				TARGETED_DEVICE_FAMILY = "1,2";
			};
			name = Release;
		};
/* End XCBuildConfiguration section */

/* Begin XCConfigurationList section */
		3A9203DB2C22751C00C4E9C4 /* Build configuration list for PBXProject "Cendekiawan" */ = {
			isa = XCConfigurationList;
			buildConfigurations = (
				3A9203EC2C22751D00C4E9C4 /* Debug */,
				3A9203ED2C22751D00C4E9C4 /* Release */,
			);
			defaultConfigurationIsVisible = 0;
			defaultConfigurationName = Release;
		};
		3A9203EE2C22751D00C4E9C4 /* Build configuration list for PBXNativeTarget "Cendekiawan" */ = {
			isa = XCConfigurationList;
			buildConfigurations = (
				3A9203EF2C22751D00C4E9C4 /* Debug */,
				3A9203F02C22751D00C4E9C4 /* Release */,
			);
			defaultConfigurationIsVisible = 0;
			defaultConfigurationName = Release;
		};
/* End XCConfigurationList section */

/* Begin XCRemoteSwiftPackageReference section */
		93B233872C23CF5A006DCAFF /* XCRemoteSwiftPackageReference "firebase-ios-sdk" */ = {
			isa = XCRemoteSwiftPackageReference;
			repositoryURL = "https://github.com/firebase/firebase-ios-sdk";
			requirement = {
				kind = upToNextMajorVersion;
				minimumVersion = 10.28.0;
			};
		};
/* End XCRemoteSwiftPackageReference section */

/* Begin XCSwiftPackageProductDependency section */
		93B233882C23CF5A006DCAFF /* FirebaseAuth */ = {
			isa = XCSwiftPackageProductDependency;
			package = 93B233872C23CF5A006DCAFF /* XCRemoteSwiftPackageReference "firebase-ios-sdk" */;
			productName = FirebaseAuth;
		};
		93B2338A2C23CF5A006DCAFF /* FirebaseFirestore */ = {
			isa = XCSwiftPackageProductDependency;
			package = 93B233872C23CF5A006DCAFF /* XCRemoteSwiftPackageReference "firebase-ios-sdk" */;
			productName = FirebaseFirestore;
		};
/* End XCSwiftPackageProductDependency section */
	};
	rootObject = 3A9203D82C22751C00C4E9C4 /* Project object */;
}
