// !$*UTF8*$!
{
	archiveVersion = 1;
	classes = {
	};
	objectVersion = 56;
	objects = {

/* Begin PBXBuildFile section */
		0D1302A12C23F11900710D43 /* DroppableBox.swift in Sources */ = {isa = PBXBuildFile; fileRef = 0D1302A02C23F11900710D43 /* DroppableBox.swift */; };
		0D1302A32C241EE600710D43 /* QuizWordBlankView.swift in Sources */ = {isa = PBXBuildFile; fileRef = 0D1302A22C241EE600710D43 /* QuizWordBlankView.swift */; };
		0D3ED4EB2C2AC0CE00C11CA5 /* ExpProgressView.swift in Sources */ = {isa = PBXBuildFile; fileRef = 0D3ED4EA2C2AC0CE00C11CA5 /* ExpProgressView.swift */; };
		0DC0B9F12C27F04B00844EC9 /* LineConnectionView.swift in Sources */ = {isa = PBXBuildFile; fileRef = 0DC0B9F02C27F04B00844EC9 /* LineConnectionView.swift */; };
		0DC0B9F32C28489F00844EC9 /* ConnectBoxView.swift in Sources */ = {isa = PBXBuildFile; fileRef = 0DC0B9F22C28489F00844EC9 /* ConnectBoxView.swift */; };
		0DC778162C294DFF0079F85C /* Button3D.swift in Sources */ = {isa = PBXBuildFile; fileRef = 0DC778152C294DFF0079F85C /* Button3D.swift */; };
		0DC778182C2961710079F85C /* SubmitButton.swift in Sources */ = {isa = PBXBuildFile; fileRef = 0DC778172C2961710079F85C /* SubmitButton.swift */; };
		0DC7781A2C29D7D20079F85C /* BottomConfirmOverlayView.swift in Sources */ = {isa = PBXBuildFile; fileRef = 0DC778192C29D7D20079F85C /* BottomConfirmOverlayView.swift */; };
		0DC7781E2C2AAD7C0079F85C /* View1.swift in Sources */ = {isa = PBXBuildFile; fileRef = 0DC7781D2C2AAD7C0079F85C /* View1.swift */; };
		0DC778202C2AADAE0079F85C /* View2.swift in Sources */ = {isa = PBXBuildFile; fileRef = 0DC7781F2C2AADAE0079F85C /* View2.swift */; };
		0DC778222C2AADDD0079F85C /* View3.swift in Sources */ = {isa = PBXBuildFile; fileRef = 0DC778212C2AADDD0079F85C /* View3.swift */; };
		0DC778242C2ABD670079F85C /* LevelBadgeView.swift in Sources */ = {isa = PBXBuildFile; fileRef = 0DC778232C2ABD670079F85C /* LevelBadgeView.swift */; };
		3A0961422C2807DE005043FD /* Level.swift in Sources */ = {isa = PBXBuildFile; fileRef = 3A09613D2C2807DE005043FD /* Level.swift */; };
		3A0961442C2807DE005043FD /* User.swift in Sources */ = {isa = PBXBuildFile; fileRef = 3A09613F2C2807DE005043FD /* User.swift */; };
		3A0961482C280F9A005043FD /* QuizWordBlankViewModel.swift in Sources */ = {isa = PBXBuildFile; fileRef = 3A0961472C280F9A005043FD /* QuizWordBlankViewModel.swift */; };
		3A09614A2C2813A3005043FD /* QuizFillBlankViewModel.swift in Sources */ = {isa = PBXBuildFile; fileRef = 3A0961492C2813A3005043FD /* QuizFillBlankViewModel.swift */; };
		3A64C1662C23E3BE00D0AC3A /* AnswerButton.swift in Sources */ = {isa = PBXBuildFile; fileRef = 3A64C1652C23E3BE00D0AC3A /* AnswerButton.swift */; };
		3A64C1682C23E3E600D0AC3A /* ChoicePoolView.swift in Sources */ = {isa = PBXBuildFile; fileRef = 3A64C1672C23E3E600D0AC3A /* ChoicePoolView.swift */; };
		3A64C16A2C23E40500D0AC3A /* QuizMultiChoiceView.swift in Sources */ = {isa = PBXBuildFile; fileRef = 3A64C1692C23E40500D0AC3A /* QuizMultiChoiceView.swift */; };
		3A64C16C2C23E41600D0AC3A /* QuizFillBlankView.swift in Sources */ = {isa = PBXBuildFile; fileRef = 3A64C16B2C23E41600D0AC3A /* QuizFillBlankView.swift */; };
		3A9203E42C22751C00C4E9C4 /* CendekiawanApp.swift in Sources */ = {isa = PBXBuildFile; fileRef = 3A9203E32C22751C00C4E9C4 /* CendekiawanApp.swift */; };
		3A9203E62C22751C00C4E9C4 /* ContentView.swift in Sources */ = {isa = PBXBuildFile; fileRef = 3A9203E52C22751C00C4E9C4 /* ContentView.swift */; };
		3A9203E82C22751D00C4E9C4 /* Assets.xcassets in Resources */ = {isa = PBXBuildFile; fileRef = 3A9203E72C22751D00C4E9C4 /* Assets.xcassets */; };
		3A9203EB2C22751D00C4E9C4 /* Preview Assets.xcassets in Resources */ = {isa = PBXBuildFile; fileRef = 3A9203EA2C22751D00C4E9C4 /* Preview Assets.xcassets */; };
		3AE5D7FD2C24397D001AB9A4 /* QuizMatchingWordView.swift in Sources */ = {isa = PBXBuildFile; fileRef = 3AE5D7FC2C24397D001AB9A4 /* QuizMatchingWordView.swift */; };
		3AE5D8012C244030001AB9A4 /* QuizView.swift in Sources */ = {isa = PBXBuildFile; fileRef = 3AE5D8002C244030001AB9A4 /* QuizView.swift */; };
		3AE5D8032C247754001AB9A4 /* QuizMatchingWordViewModel.swift in Sources */ = {isa = PBXBuildFile; fileRef = 3AE5D8022C247754001AB9A4 /* QuizMatchingWordViewModel.swift */; };
		93713BF02C23179300B41CD9 /* QuizViewModel.swift in Sources */ = {isa = PBXBuildFile; fileRef = 93713BEF2C23179300B41CD9 /* QuizViewModel.swift */; };
		93713BF42C2317F400B41CD9 /* QuizResultView.swift in Sources */ = {isa = PBXBuildFile; fileRef = 93713BF32C2317F400B41CD9 /* QuizResultView.swift */; };
		93713BF62C23188F00B41CD9 /* Trophy.swift in Sources */ = {isa = PBXBuildFile; fileRef = 93713BF52C23188F00B41CD9 /* Trophy.swift */; };
		BE0842432C298342007071DA /* Choice.swift in Sources */ = {isa = PBXBuildFile; fileRef = BE08423E2C298342007071DA /* Choice.swift */; };
		BE0842442C298342007071DA /* Feedback.swift in Sources */ = {isa = PBXBuildFile; fileRef = BE0842402C298342007071DA /* Feedback.swift */; };
		BE0842452C298342007071DA /* QuizMultiChoice.swift in Sources */ = {isa = PBXBuildFile; fileRef = BE0842422C298342007071DA /* QuizMultiChoice.swift */; };
		BE0842462C298342007071DA /* Quiz.swift in Sources */ = {isa = PBXBuildFile; fileRef = BE08423C2C298342007071DA /* Quiz.swift */; };
		BE0842472C298342007071DA /* QuizConnect.swift in Sources */ = {isa = PBXBuildFile; fileRef = BE08423F2C298342007071DA /* QuizConnect.swift */; };
		BE0842482C298342007071DA /* QuizWordBlank.swift in Sources */ = {isa = PBXBuildFile; fileRef = BE0842412C298342007071DA /* QuizWordBlank.swift */; };
		BE0842492C298342007071DA /* QuizFillBlank.swift in Sources */ = {isa = PBXBuildFile; fileRef = BE08423D2C298342007071DA /* QuizFillBlank.swift */; };
		BE3B0F0A2C28678F009D6B72 /* PilganIdePokok5.json in Resources */ = {isa = PBXBuildFile; fileRef = BE3B0EF82C28678F009D6B72 /* PilganIdePokok5.json */; };
		BE3B0F0B2C28678F009D6B72 /* PilganImplisit5.json in Resources */ = {isa = PBXBuildFile; fileRef = BE3B0EF92C28678F009D6B72 /* PilganImplisit5.json */; };
		BE3B0F0C2C28678F009D6B72 /* Rumpang5.json in Resources */ = {isa = PBXBuildFile; fileRef = BE3B0EFA2C28678F009D6B72 /* Rumpang5.json */; };
		BE3B0F0D2C28678F009D6B72 /* SambungKata5.json in Resources */ = {isa = PBXBuildFile; fileRef = BE3B0EFB2C28678F009D6B72 /* SambungKata5.json */; };
		BE3B0F0E2C28678F009D6B72 /* Wordle5.json in Resources */ = {isa = PBXBuildFile; fileRef = BE3B0EFC2C28678F009D6B72 /* Wordle5.json */; };
		BE3B0F0F2C28678F009D6B72 /* PilganIdePokok4.json in Resources */ = {isa = PBXBuildFile; fileRef = BE3B0EFE2C28678F009D6B72 /* PilganIdePokok4.json */; };
		BE3B0F102C28678F009D6B72 /* PilganImplisit4.json in Resources */ = {isa = PBXBuildFile; fileRef = BE3B0EFF2C28678F009D6B72 /* PilganImplisit4.json */; };
		BE3B0F112C28678F009D6B72 /* Rumpang4.json in Resources */ = {isa = PBXBuildFile; fileRef = BE3B0F002C28678F009D6B72 /* Rumpang4.json */; };
		BE3B0F122C28678F009D6B72 /* SambungKata4.json in Resources */ = {isa = PBXBuildFile; fileRef = BE3B0F012C28678F009D6B72 /* SambungKata4.json */; };
		BE3B0F132C28678F009D6B72 /* Wordle4.json in Resources */ = {isa = PBXBuildFile; fileRef = BE3B0F022C28678F009D6B72 /* Wordle4.json */; };
		BE3B0F142C28678F009D6B72 /* PilganIdePokok6.json in Resources */ = {isa = PBXBuildFile; fileRef = BE3B0F042C28678F009D6B72 /* PilganIdePokok6.json */; };
		BE3B0F152C28678F009D6B72 /* PilganImplisit6.json in Resources */ = {isa = PBXBuildFile; fileRef = BE3B0F052C28678F009D6B72 /* PilganImplisit6.json */; };
		BE3B0F162C28678F009D6B72 /* Rumpang6.json in Resources */ = {isa = PBXBuildFile; fileRef = BE3B0F062C28678F009D6B72 /* Rumpang6.json */; };
		BE3B0F172C28678F009D6B72 /* SambungKata6.json in Resources */ = {isa = PBXBuildFile; fileRef = BE3B0F072C28678F009D6B72 /* SambungKata6.json */; };
		BE3B0F182C28678F009D6B72 /* Wordle6.json in Resources */ = {isa = PBXBuildFile; fileRef = BE3B0F082C28678F009D6B72 /* Wordle6.json */; };
		BE3B0F1A2C28690C009D6B72 /* QuizModelData.swift in Sources */ = {isa = PBXBuildFile; fileRef = BE3B0F192C28690C009D6B72 /* QuizModelData.swift */; };
		BE3B0F1F2C287776009D6B72 /* HomeView.swift in Sources */ = {isa = PBXBuildFile; fileRef = BE3B0F1E2C287776009D6B72 /* HomeView.swift */; };
		BE3B0F222C2878B8009D6B72 /* DifficultyLevel.swift in Sources */ = {isa = PBXBuildFile; fileRef = BE3B0F202C2878B8009D6B72 /* DifficultyLevel.swift */; };
		BE3B0F232C2878B8009D6B72 /* ProficiencyLevel.swift in Sources */ = {isa = PBXBuildFile; fileRef = BE3B0F212C2878B8009D6B72 /* ProficiencyLevel.swift */; };
		BE3B0F2B2C28984C009D6B72 /* StatsOverlay.swift in Sources */ = {isa = PBXBuildFile; fileRef = BE3B0F2A2C28984C009D6B72 /* StatsOverlay.swift */; };
		BEC6B69A2C2AC03C0058B12E /* Testing10Soal.swift in Sources */ = {isa = PBXBuildFile; fileRef = BEC6B6992C2AC03C0058B12E /* Testing10Soal.swift */; };
		BEC6B69C2C2AF5440058B12E /* QuizMultipleChoiceViewModel.swift in Sources */ = {isa = PBXBuildFile; fileRef = BEC6B69B2C2AF5440058B12E /* QuizMultipleChoiceViewModel.swift */; };
		BEECE0B42C2AA56700C6A492 /* ViewD.swift in Sources */ = {isa = PBXBuildFile; fileRef = BEECE0B02C2AA56700C6A492 /* ViewD.swift */; };
		BEECE0B52C2AA56700C6A492 /* ViewC.swift in Sources */ = {isa = PBXBuildFile; fileRef = BEECE0B12C2AA56700C6A492 /* ViewC.swift */; };
		BEECE0B62C2AA56700C6A492 /* ViewA.swift in Sources */ = {isa = PBXBuildFile; fileRef = BEECE0B22C2AA56700C6A492 /* ViewA.swift */; };
		BEECE0B72C2AA56700C6A492 /* ViewB.swift in Sources */ = {isa = PBXBuildFile; fileRef = BEECE0B32C2AA56700C6A492 /* ViewB.swift */; };
/* End PBXBuildFile section */

/* Begin PBXFileReference section */
		0D1302A02C23F11900710D43 /* DroppableBox.swift */ = {isa = PBXFileReference; lastKnownFileType = sourcecode.swift; path = DroppableBox.swift; sourceTree = "<group>"; };
		0D1302A22C241EE600710D43 /* QuizWordBlankView.swift */ = {isa = PBXFileReference; lastKnownFileType = sourcecode.swift; path = QuizWordBlankView.swift; sourceTree = "<group>"; };
		0D3ED4EA2C2AC0CE00C11CA5 /* ExpProgressView.swift */ = {isa = PBXFileReference; lastKnownFileType = sourcecode.swift; path = ExpProgressView.swift; sourceTree = "<group>"; };
		0DC0B9F02C27F04B00844EC9 /* LineConnectionView.swift */ = {isa = PBXFileReference; lastKnownFileType = sourcecode.swift; path = LineConnectionView.swift; sourceTree = "<group>"; };
		0DC0B9F22C28489F00844EC9 /* ConnectBoxView.swift */ = {isa = PBXFileReference; lastKnownFileType = sourcecode.swift; path = ConnectBoxView.swift; sourceTree = "<group>"; };
		0DC778152C294DFF0079F85C /* Button3D.swift */ = {isa = PBXFileReference; lastKnownFileType = sourcecode.swift; path = Button3D.swift; sourceTree = "<group>"; };
		0DC778172C2961710079F85C /* SubmitButton.swift */ = {isa = PBXFileReference; lastKnownFileType = sourcecode.swift; path = SubmitButton.swift; sourceTree = "<group>"; };
		0DC778192C29D7D20079F85C /* BottomConfirmOverlayView.swift */ = {isa = PBXFileReference; lastKnownFileType = sourcecode.swift; path = BottomConfirmOverlayView.swift; sourceTree = "<group>"; };
		0DC7781D2C2AAD7C0079F85C /* View1.swift */ = {isa = PBXFileReference; lastKnownFileType = sourcecode.swift; path = View1.swift; sourceTree = "<group>"; };
		0DC7781F2C2AADAE0079F85C /* View2.swift */ = {isa = PBXFileReference; lastKnownFileType = sourcecode.swift; path = View2.swift; sourceTree = "<group>"; };
		0DC778212C2AADDD0079F85C /* View3.swift */ = {isa = PBXFileReference; lastKnownFileType = sourcecode.swift; path = View3.swift; sourceTree = "<group>"; };
		0DC778232C2ABD670079F85C /* LevelBadgeView.swift */ = {isa = PBXFileReference; lastKnownFileType = sourcecode.swift; path = LevelBadgeView.swift; sourceTree = "<group>"; };
		3A09613D2C2807DE005043FD /* Level.swift */ = {isa = PBXFileReference; fileEncoding = 4; lastKnownFileType = sourcecode.swift; path = Level.swift; sourceTree = "<group>"; };
		3A09613F2C2807DE005043FD /* User.swift */ = {isa = PBXFileReference; fileEncoding = 4; lastKnownFileType = sourcecode.swift; path = User.swift; sourceTree = "<group>"; };
		3A0961472C280F9A005043FD /* QuizWordBlankViewModel.swift */ = {isa = PBXFileReference; lastKnownFileType = sourcecode.swift; path = QuizWordBlankViewModel.swift; sourceTree = "<group>"; };
		3A0961492C2813A3005043FD /* QuizFillBlankViewModel.swift */ = {isa = PBXFileReference; lastKnownFileType = sourcecode.swift; path = QuizFillBlankViewModel.swift; sourceTree = "<group>"; };
		3A64C1652C23E3BE00D0AC3A /* AnswerButton.swift */ = {isa = PBXFileReference; lastKnownFileType = sourcecode.swift; path = AnswerButton.swift; sourceTree = "<group>"; };
		3A64C1672C23E3E600D0AC3A /* ChoicePoolView.swift */ = {isa = PBXFileReference; lastKnownFileType = sourcecode.swift; path = ChoicePoolView.swift; sourceTree = "<group>"; };
		3A64C1692C23E40500D0AC3A /* QuizMultiChoiceView.swift */ = {isa = PBXFileReference; lastKnownFileType = sourcecode.swift; path = QuizMultiChoiceView.swift; sourceTree = "<group>"; };
		3A64C16B2C23E41600D0AC3A /* QuizFillBlankView.swift */ = {isa = PBXFileReference; lastKnownFileType = sourcecode.swift; path = QuizFillBlankView.swift; sourceTree = "<group>"; };
		3A64C16D2C23E47600D0AC3A /* Info.plist */ = {isa = PBXFileReference; lastKnownFileType = text.plist; path = Info.plist; sourceTree = "<group>"; };
		3A9203E02C22751C00C4E9C4 /* Cendekiawan.app */ = {isa = PBXFileReference; explicitFileType = wrapper.application; includeInIndex = 0; path = Cendekiawan.app; sourceTree = BUILT_PRODUCTS_DIR; };
		3A9203E32C22751C00C4E9C4 /* CendekiawanApp.swift */ = {isa = PBXFileReference; lastKnownFileType = sourcecode.swift; path = CendekiawanApp.swift; sourceTree = "<group>"; };
		3A9203E52C22751C00C4E9C4 /* ContentView.swift */ = {isa = PBXFileReference; lastKnownFileType = sourcecode.swift; path = ContentView.swift; sourceTree = "<group>"; };
		3A9203E72C22751D00C4E9C4 /* Assets.xcassets */ = {isa = PBXFileReference; lastKnownFileType = folder.assetcatalog; path = Assets.xcassets; sourceTree = "<group>"; };
		3A9203EA2C22751D00C4E9C4 /* Preview Assets.xcassets */ = {isa = PBXFileReference; lastKnownFileType = folder.assetcatalog; path = "Preview Assets.xcassets"; sourceTree = "<group>"; };
		3AE5D7FC2C24397D001AB9A4 /* QuizMatchingWordView.swift */ = {isa = PBXFileReference; lastKnownFileType = sourcecode.swift; path = QuizMatchingWordView.swift; sourceTree = "<group>"; };
		3AE5D8002C244030001AB9A4 /* QuizView.swift */ = {isa = PBXFileReference; lastKnownFileType = sourcecode.swift; path = QuizView.swift; sourceTree = "<group>"; };
		3AE5D8022C247754001AB9A4 /* QuizMatchingWordViewModel.swift */ = {isa = PBXFileReference; lastKnownFileType = sourcecode.swift; path = QuizMatchingWordViewModel.swift; sourceTree = "<group>"; };
		93713BEF2C23179300B41CD9 /* QuizViewModel.swift */ = {isa = PBXFileReference; lastKnownFileType = sourcecode.swift; path = QuizViewModel.swift; sourceTree = "<group>"; };
		93713BF32C2317F400B41CD9 /* QuizResultView.swift */ = {isa = PBXFileReference; lastKnownFileType = sourcecode.swift; path = QuizResultView.swift; sourceTree = "<group>"; };
		93713BF52C23188F00B41CD9 /* Trophy.swift */ = {isa = PBXFileReference; lastKnownFileType = sourcecode.swift; path = Trophy.swift; sourceTree = "<group>"; };
		BE08423C2C298342007071DA /* Quiz.swift */ = {isa = PBXFileReference; lastKnownFileType = sourcecode.swift; path = Quiz.swift; sourceTree = "<group>"; };
		BE08423D2C298342007071DA /* QuizFillBlank.swift */ = {isa = PBXFileReference; lastKnownFileType = sourcecode.swift; path = QuizFillBlank.swift; sourceTree = "<group>"; };
		BE08423E2C298342007071DA /* Choice.swift */ = {isa = PBXFileReference; lastKnownFileType = sourcecode.swift; path = Choice.swift; sourceTree = "<group>"; };
		BE08423F2C298342007071DA /* QuizConnect.swift */ = {isa = PBXFileReference; lastKnownFileType = sourcecode.swift; path = QuizConnect.swift; sourceTree = "<group>"; };
		BE0842402C298342007071DA /* Feedback.swift */ = {isa = PBXFileReference; lastKnownFileType = sourcecode.swift; path = Feedback.swift; sourceTree = "<group>"; };
		BE0842412C298342007071DA /* QuizWordBlank.swift */ = {isa = PBXFileReference; lastKnownFileType = sourcecode.swift; path = QuizWordBlank.swift; sourceTree = "<group>"; };
		BE0842422C298342007071DA /* QuizMultiChoice.swift */ = {isa = PBXFileReference; lastKnownFileType = sourcecode.swift; path = QuizMultiChoice.swift; sourceTree = "<group>"; };
		BE3B0EF82C28678F009D6B72 /* PilganIdePokok5.json */ = {isa = PBXFileReference; fileEncoding = 4; lastKnownFileType = text.json; path = PilganIdePokok5.json; sourceTree = "<group>"; };
		BE3B0EF92C28678F009D6B72 /* PilganImplisit5.json */ = {isa = PBXFileReference; fileEncoding = 4; lastKnownFileType = text.json; path = PilganImplisit5.json; sourceTree = "<group>"; };
		BE3B0EFA2C28678F009D6B72 /* Rumpang5.json */ = {isa = PBXFileReference; fileEncoding = 4; lastKnownFileType = text.json; path = Rumpang5.json; sourceTree = "<group>"; };
		BE3B0EFB2C28678F009D6B72 /* SambungKata5.json */ = {isa = PBXFileReference; fileEncoding = 4; lastKnownFileType = text.json; path = SambungKata5.json; sourceTree = "<group>"; };
		BE3B0EFC2C28678F009D6B72 /* Wordle5.json */ = {isa = PBXFileReference; fileEncoding = 4; lastKnownFileType = text.json; path = Wordle5.json; sourceTree = "<group>"; };
		BE3B0EFE2C28678F009D6B72 /* PilganIdePokok4.json */ = {isa = PBXFileReference; fileEncoding = 4; lastKnownFileType = text.json; path = PilganIdePokok4.json; sourceTree = "<group>"; };
		BE3B0EFF2C28678F009D6B72 /* PilganImplisit4.json */ = {isa = PBXFileReference; fileEncoding = 4; lastKnownFileType = text.json; path = PilganImplisit4.json; sourceTree = "<group>"; };
		BE3B0F002C28678F009D6B72 /* Rumpang4.json */ = {isa = PBXFileReference; fileEncoding = 4; lastKnownFileType = text.json; path = Rumpang4.json; sourceTree = "<group>"; };
		BE3B0F012C28678F009D6B72 /* SambungKata4.json */ = {isa = PBXFileReference; fileEncoding = 4; lastKnownFileType = text.json; path = SambungKata4.json; sourceTree = "<group>"; };
		BE3B0F022C28678F009D6B72 /* Wordle4.json */ = {isa = PBXFileReference; fileEncoding = 4; lastKnownFileType = text.json; path = Wordle4.json; sourceTree = "<group>"; };
		BE3B0F042C28678F009D6B72 /* PilganIdePokok6.json */ = {isa = PBXFileReference; fileEncoding = 4; lastKnownFileType = text.json; path = PilganIdePokok6.json; sourceTree = "<group>"; };
		BE3B0F052C28678F009D6B72 /* PilganImplisit6.json */ = {isa = PBXFileReference; fileEncoding = 4; lastKnownFileType = text.json; path = PilganImplisit6.json; sourceTree = "<group>"; };
		BE3B0F062C28678F009D6B72 /* Rumpang6.json */ = {isa = PBXFileReference; fileEncoding = 4; lastKnownFileType = text.json; path = Rumpang6.json; sourceTree = "<group>"; };
		BE3B0F072C28678F009D6B72 /* SambungKata6.json */ = {isa = PBXFileReference; fileEncoding = 4; lastKnownFileType = text.json; path = SambungKata6.json; sourceTree = "<group>"; };
		BE3B0F082C28678F009D6B72 /* Wordle6.json */ = {isa = PBXFileReference; fileEncoding = 4; lastKnownFileType = text.json; path = Wordle6.json; sourceTree = "<group>"; };
		BE3B0F192C28690C009D6B72 /* QuizModelData.swift */ = {isa = PBXFileReference; lastKnownFileType = sourcecode.swift; path = QuizModelData.swift; sourceTree = "<group>"; };
		BE3B0F1E2C287776009D6B72 /* HomeView.swift */ = {isa = PBXFileReference; lastKnownFileType = sourcecode.swift; path = HomeView.swift; sourceTree = "<group>"; };
		BE3B0F202C2878B8009D6B72 /* DifficultyLevel.swift */ = {isa = PBXFileReference; fileEncoding = 4; lastKnownFileType = sourcecode.swift; path = DifficultyLevel.swift; sourceTree = "<group>"; };
		BE3B0F212C2878B8009D6B72 /* ProficiencyLevel.swift */ = {isa = PBXFileReference; fileEncoding = 4; lastKnownFileType = sourcecode.swift; path = ProficiencyLevel.swift; sourceTree = "<group>"; };
		BE3B0F2A2C28984C009D6B72 /* StatsOverlay.swift */ = {isa = PBXFileReference; lastKnownFileType = sourcecode.swift; path = StatsOverlay.swift; sourceTree = "<group>"; };
		BEC6B6992C2AC03C0058B12E /* Testing10Soal.swift */ = {isa = PBXFileReference; lastKnownFileType = sourcecode.swift; path = Testing10Soal.swift; sourceTree = "<group>"; };
		BEC6B69B2C2AF5440058B12E /* QuizMultipleChoiceViewModel.swift */ = {isa = PBXFileReference; lastKnownFileType = sourcecode.swift; path = QuizMultipleChoiceViewModel.swift; sourceTree = "<group>"; };
		BEECE0B02C2AA56700C6A492 /* ViewD.swift */ = {isa = PBXFileReference; fileEncoding = 4; lastKnownFileType = sourcecode.swift; path = ViewD.swift; sourceTree = "<group>"; };
		BEECE0B12C2AA56700C6A492 /* ViewC.swift */ = {isa = PBXFileReference; fileEncoding = 4; lastKnownFileType = sourcecode.swift; path = ViewC.swift; sourceTree = "<group>"; };
		BEECE0B22C2AA56700C6A492 /* ViewA.swift */ = {isa = PBXFileReference; fileEncoding = 4; lastKnownFileType = sourcecode.swift; path = ViewA.swift; sourceTree = "<group>"; };
		BEECE0B32C2AA56700C6A492 /* ViewB.swift */ = {isa = PBXFileReference; fileEncoding = 4; lastKnownFileType = sourcecode.swift; path = ViewB.swift; sourceTree = "<group>"; };
/* End PBXFileReference section */

/* Begin PBXFrameworksBuildPhase section */
		3A9203DD2C22751C00C4E9C4 /* Frameworks */ = {
			isa = PBXFrameworksBuildPhase;
			buildActionMask = 2147483647;
			files = (
			);
			runOnlyForDeploymentPostprocessing = 0;
		};
/* End PBXFrameworksBuildPhase section */

/* Begin PBXGroup section */
		0DC7781C2C2AAD6F0079F85C /* JuanTestView */ = {
			isa = PBXGroup;
			children = (
				0DC7781D2C2AAD7C0079F85C /* View1.swift */,
				0DC7781F2C2AADAE0079F85C /* View2.swift */,
				0DC778212C2AADDD0079F85C /* View3.swift */,
			);
			name = JuanTestView;
			sourceTree = "<group>";
		};
		3A64C1642C23E3AF00D0AC3A /* Components */ = {
			isa = PBXGroup;
			children = (
				3A64C1652C23E3BE00D0AC3A /* AnswerButton.swift */,
				3A64C1672C23E3E600D0AC3A /* ChoicePoolView.swift */,
				0D1302A02C23F11900710D43 /* DroppableBox.swift */,
				0DC0B9F02C27F04B00844EC9 /* LineConnectionView.swift */,
				0DC0B9F22C28489F00844EC9 /* ConnectBoxView.swift */,
				0DC778152C294DFF0079F85C /* Button3D.swift */,
				0DC778172C2961710079F85C /* SubmitButton.swift */,
				BE3B0F2A2C28984C009D6B72 /* StatsOverlay.swift */,
				0DC778192C29D7D20079F85C /* BottomConfirmOverlayView.swift */,
				0DC778232C2ABD670079F85C /* LevelBadgeView.swift */,
				0D3ED4EA2C2AC0CE00C11CA5 /* ExpProgressView.swift */,
			);
			name = Components;
			sourceTree = "<group>";
		};
		3A9203D72C22751C00C4E9C4 = {
			isa = PBXGroup;
			children = (
				3A9203E22C22751C00C4E9C4 /* Cendekiawan */,
				3A9203E12C22751C00C4E9C4 /* Products */,
			);
			sourceTree = "<group>";
		};
		3A9203E12C22751C00C4E9C4 /* Products */ = {
			isa = PBXGroup;
			children = (
				3A9203E02C22751C00C4E9C4 /* Cendekiawan.app */,
			);
			name = Products;
			sourceTree = "<group>";
		};
		3A9203E22C22751C00C4E9C4 /* Cendekiawan */ = {
			isa = PBXGroup;
			children = (
				BE3B0EF72C28674D009D6B72 /* Resource */,
				3A64C16D2C23E47600D0AC3A /* Info.plist */,
				3A9203E32C22751C00C4E9C4 /* CendekiawanApp.swift */,
				93713BF12C2317CC00B41CD9 /* View */,
				3A9203E72C22751D00C4E9C4 /* Assets.xcassets */,
				93713BF22C2317D200B41CD9 /* ViewModel */,
				93713BEE2C22D2A500B41CD9 /* Model */,
				3A9203E92C22751D00C4E9C4 /* Preview Content */,
			);
			path = Cendekiawan;
			sourceTree = "<group>";
		};
		3A9203E92C22751D00C4E9C4 /* Preview Content */ = {
			isa = PBXGroup;
			children = (
				3A9203EA2C22751D00C4E9C4 /* Preview Assets.xcassets */,
			);
			path = "Preview Content";
			sourceTree = "<group>";
		};
		93713BEE2C22D2A500B41CD9 /* Model */ = {
			isa = PBXGroup;
			children = (
				BE3B0F202C2878B8009D6B72 /* DifficultyLevel.swift */,
				BE3B0F212C2878B8009D6B72 /* ProficiencyLevel.swift */,
				BE08423E2C298342007071DA /* Choice.swift */,
				BE0842402C298342007071DA /* Feedback.swift */,
				BE08423C2C298342007071DA /* Quiz.swift */,
				BE08423F2C298342007071DA /* QuizConnect.swift */,
				BE08423D2C298342007071DA /* QuizFillBlank.swift */,
				BE0842422C298342007071DA /* QuizMultiChoice.swift */,
				BE0842412C298342007071DA /* QuizWordBlank.swift */,
				3A09613D2C2807DE005043FD /* Level.swift */,
				3A09613F2C2807DE005043FD /* User.swift */,
				93713BF52C23188F00B41CD9 /* Trophy.swift */,
			);
			path = Model;
			sourceTree = "<group>";
		};
		93713BF12C2317CC00B41CD9 /* View */ = {
			isa = PBXGroup;
			children = (
				0DC7781C2C2AAD6F0079F85C /* JuanTestView */,
				BEECE0B92C2AA57900C6A492 /* TestingView */,
				3A64C1642C23E3AF00D0AC3A /* Components */,
				3A9203E52C22751C00C4E9C4 /* ContentView.swift */,
				BE3B0F1E2C287776009D6B72 /* HomeView.swift */,
				3AE5D8002C244030001AB9A4 /* QuizView.swift */,
				93713BF32C2317F400B41CD9 /* QuizResultView.swift */,
				3A64C1692C23E40500D0AC3A /* QuizMultiChoiceView.swift */,
				3A64C16B2C23E41600D0AC3A /* QuizFillBlankView.swift */,
				0D1302A22C241EE600710D43 /* QuizWordBlankView.swift */,
				3AE5D7FC2C24397D001AB9A4 /* QuizMatchingWordView.swift */,
			);
			name = View;
			sourceTree = "<group>";
		};
		93713BF22C2317D200B41CD9 /* ViewModel */ = {
			isa = PBXGroup;
			children = (
				93713BEF2C23179300B41CD9 /* QuizViewModel.swift */,
				3AE5D8022C247754001AB9A4 /* QuizMatchingWordViewModel.swift */,
				3A0961472C280F9A005043FD /* QuizWordBlankViewModel.swift */,
				3A0961492C2813A3005043FD /* QuizFillBlankViewModel.swift */,
				BEC6B69B2C2AF5440058B12E /* QuizMultipleChoiceViewModel.swift */,
				BE3B0F192C28690C009D6B72 /* QuizModelData.swift */,
			);
			name = ViewModel;
			sourceTree = "<group>";
		};
		BE3B0EF72C28674D009D6B72 /* Resource */ = {
			isa = PBXGroup;
			children = (
				BE3B0F032C28678F009D6B72 /* Kelas4 */,
				BE3B0EFD2C28678F009D6B72 /* Kelas5 */,
				BE3B0F092C28678F009D6B72 /* Kelas6 */,
			);
			path = Resource;
			sourceTree = "<group>";
		};
		BE3B0EFD2C28678F009D6B72 /* Kelas5 */ = {
			isa = PBXGroup;
			children = (
				BE3B0EF82C28678F009D6B72 /* PilganIdePokok5.json */,
				BE3B0EF92C28678F009D6B72 /* PilganImplisit5.json */,
				BE3B0EFA2C28678F009D6B72 /* Rumpang5.json */,
				BE3B0EFB2C28678F009D6B72 /* SambungKata5.json */,
				BE3B0EFC2C28678F009D6B72 /* Wordle5.json */,
			);
			path = Kelas5;
			sourceTree = "<group>";
		};
		BE3B0F032C28678F009D6B72 /* Kelas4 */ = {
			isa = PBXGroup;
			children = (
				BE3B0EFE2C28678F009D6B72 /* PilganIdePokok4.json */,
				BE3B0EFF2C28678F009D6B72 /* PilganImplisit4.json */,
				BE3B0F002C28678F009D6B72 /* Rumpang4.json */,
				BE3B0F012C28678F009D6B72 /* SambungKata4.json */,
				BE3B0F022C28678F009D6B72 /* Wordle4.json */,
			);
			path = Kelas4;
			sourceTree = "<group>";
		};
		BE3B0F092C28678F009D6B72 /* Kelas6 */ = {
			isa = PBXGroup;
			children = (
				BE3B0F042C28678F009D6B72 /* PilganIdePokok6.json */,
				BE3B0F052C28678F009D6B72 /* PilganImplisit6.json */,
				BE3B0F062C28678F009D6B72 /* Rumpang6.json */,
				BE3B0F072C28678F009D6B72 /* SambungKata6.json */,
				BE3B0F082C28678F009D6B72 /* Wordle6.json */,
			);
			path = Kelas6;
			sourceTree = "<group>";
		};
		BEECE0B92C2AA57900C6A492 /* TestingView */ = {
			isa = PBXGroup;
			children = (
				BEECE0B22C2AA56700C6A492 /* ViewA.swift */,
				BEECE0B32C2AA56700C6A492 /* ViewB.swift */,
				BEECE0B12C2AA56700C6A492 /* ViewC.swift */,
				BEECE0B02C2AA56700C6A492 /* ViewD.swift */,
				BEC6B6992C2AC03C0058B12E /* Testing10Soal.swift */,
			);
			name = TestingView;
			sourceTree = "<group>";
		};
/* End PBXGroup section */

/* Begin PBXNativeTarget section */
		3A9203DF2C22751C00C4E9C4 /* Cendekiawan */ = {
			isa = PBXNativeTarget;
			buildConfigurationList = 3A9203EE2C22751D00C4E9C4 /* Build configuration list for PBXNativeTarget "Cendekiawan" */;
			buildPhases = (
				3A9203DC2C22751C00C4E9C4 /* Sources */,
				3A9203DD2C22751C00C4E9C4 /* Frameworks */,
				3A9203DE2C22751C00C4E9C4 /* Resources */,
			);
			buildRules = (
			);
			dependencies = (
			);
			name = Cendekiawan;
			packageProductDependencies = (
			);
			productName = Cendekiawan;
			productReference = 3A9203E02C22751C00C4E9C4 /* Cendekiawan.app */;
			productType = "com.apple.product-type.application";
		};
/* End PBXNativeTarget section */

/* Begin PBXProject section */
		3A9203D82C22751C00C4E9C4 /* Project object */ = {
			isa = PBXProject;
			attributes = {
				BuildIndependentTargetsInParallel = 1;
				LastSwiftUpdateCheck = 1540;
				LastUpgradeCheck = 1540;
				TargetAttributes = {
					3A9203DF2C22751C00C4E9C4 = {
						CreatedOnToolsVersion = 15.4;
					};
				};
			};
			buildConfigurationList = 3A9203DB2C22751C00C4E9C4 /* Build configuration list for PBXProject "Cendekiawan" */;
			compatibilityVersion = "Xcode 14.0";
			developmentRegion = en;
			hasScannedForEncodings = 0;
			knownRegions = (
				en,
				Base,
			);
			mainGroup = 3A9203D72C22751C00C4E9C4;
			packageReferences = (
			);
			productRefGroup = 3A9203E12C22751C00C4E9C4 /* Products */;
			projectDirPath = "";
			projectRoot = "";
			targets = (
				3A9203DF2C22751C00C4E9C4 /* Cendekiawan */,
			);
		};
/* End PBXProject section */

/* Begin PBXResourcesBuildPhase section */
		3A9203DE2C22751C00C4E9C4 /* Resources */ = {
			isa = PBXResourcesBuildPhase;
			buildActionMask = 2147483647;
			files = (
				3A9203EB2C22751D00C4E9C4 /* Preview Assets.xcassets in Resources */,
				BE3B0F172C28678F009D6B72 /* SambungKata6.json in Resources */,
				BE3B0F142C28678F009D6B72 /* PilganIdePokok6.json in Resources */,
				BE3B0F152C28678F009D6B72 /* PilganImplisit6.json in Resources */,
				BE3B0F0D2C28678F009D6B72 /* SambungKata5.json in Resources */,
				BE3B0F162C28678F009D6B72 /* Rumpang6.json in Resources */,
				BE3B0F122C28678F009D6B72 /* SambungKata4.json in Resources */,
				BE3B0F0E2C28678F009D6B72 /* Wordle5.json in Resources */,
				BE3B0F0A2C28678F009D6B72 /* PilganIdePokok5.json in Resources */,
				BE3B0F182C28678F009D6B72 /* Wordle6.json in Resources */,
				BE3B0F0B2C28678F009D6B72 /* PilganImplisit5.json in Resources */,
				BE3B0F0C2C28678F009D6B72 /* Rumpang5.json in Resources */,
				BE3B0F112C28678F009D6B72 /* Rumpang4.json in Resources */,
				BE3B0F0F2C28678F009D6B72 /* PilganIdePokok4.json in Resources */,
				BE3B0F132C28678F009D6B72 /* Wordle4.json in Resources */,
				BE3B0F102C28678F009D6B72 /* PilganImplisit4.json in Resources */,
				3A9203E82C22751D00C4E9C4 /* Assets.xcassets in Resources */,
			);
			runOnlyForDeploymentPostprocessing = 0;
		};
/* End PBXResourcesBuildPhase section */

/* Begin PBXSourcesBuildPhase section */
		3A9203DC2C22751C00C4E9C4 /* Sources */ = {
			isa = PBXSourcesBuildPhase;
			buildActionMask = 2147483647;
			files = (
				BE0842452C298342007071DA /* QuizMultiChoice.swift in Sources */,
				BEECE0B42C2AA56700C6A492 /* ViewD.swift in Sources */,
				BE0842462C298342007071DA /* Quiz.swift in Sources */,
				BE3B0F1A2C28690C009D6B72 /* QuizModelData.swift in Sources */,
				3AE5D7FD2C24397D001AB9A4 /* QuizMatchingWordView.swift in Sources */,
				3A0961482C280F9A005043FD /* QuizWordBlankViewModel.swift in Sources */,
				BE3B0F1F2C287776009D6B72 /* HomeView.swift in Sources */,
				BE0842432C298342007071DA /* Choice.swift in Sources */,
				3A0961442C2807DE005043FD /* User.swift in Sources */,
				BE0842492C298342007071DA /* QuizFillBlank.swift in Sources */,
				BEECE0B72C2AA56700C6A492 /* ViewB.swift in Sources */,
				0DC0B9F32C28489F00844EC9 /* ConnectBoxView.swift in Sources */,
				0DC778202C2AADAE0079F85C /* View2.swift in Sources */,
				3A64C1682C23E3E600D0AC3A /* ChoicePoolView.swift in Sources */,
				3A09614A2C2813A3005043FD /* QuizFillBlankViewModel.swift in Sources */,
				0D3ED4EB2C2AC0CE00C11CA5 /* ExpProgressView.swift in Sources */,
				3A64C1662C23E3BE00D0AC3A /* AnswerButton.swift in Sources */,
				BE0842472C298342007071DA /* QuizConnect.swift in Sources */,
				3A64C16C2C23E41600D0AC3A /* QuizFillBlankView.swift in Sources */,
				93713BF42C2317F400B41CD9 /* QuizResultView.swift in Sources */,
				3A0961422C2807DE005043FD /* Level.swift in Sources */,
				93713BF02C23179300B41CD9 /* QuizViewModel.swift in Sources */,
				0DC7781A2C29D7D20079F85C /* BottomConfirmOverlayView.swift in Sources */,
				3A9203E62C22751C00C4E9C4 /* ContentView.swift in Sources */,
				BE0842442C298342007071DA /* Feedback.swift in Sources */,
				BEECE0B62C2AA56700C6A492 /* ViewA.swift in Sources */,
				BE3B0F222C2878B8009D6B72 /* DifficultyLevel.swift in Sources */,
				0DC7781E2C2AAD7C0079F85C /* View1.swift in Sources */,
				3A9203E42C22751C00C4E9C4 /* CendekiawanApp.swift in Sources */,
				BE3B0F232C2878B8009D6B72 /* ProficiencyLevel.swift in Sources */,
				0DC778242C2ABD670079F85C /* LevelBadgeView.swift in Sources */,
				0D1302A12C23F11900710D43 /* DroppableBox.swift in Sources */,
				BEC6B69A2C2AC03C0058B12E /* Testing10Soal.swift in Sources */,
				93713BF62C23188F00B41CD9 /* Trophy.swift in Sources */,
				0DC778222C2AADDD0079F85C /* View3.swift in Sources */,
				0DC0B9F12C27F04B00844EC9 /* LineConnectionView.swift in Sources */,
				0DC778182C2961710079F85C /* SubmitButton.swift in Sources */,
				0D1302A32C241EE600710D43 /* QuizWordBlankView.swift in Sources */,
				3AE5D8012C244030001AB9A4 /* QuizView.swift in Sources */,
				0DC778162C294DFF0079F85C /* Button3D.swift in Sources */,
				BE0842482C298342007071DA /* QuizWordBlank.swift in Sources */,
				3AE5D8032C247754001AB9A4 /* QuizMatchingWordViewModel.swift in Sources */,
				3A64C16A2C23E40500D0AC3A /* QuizMultiChoiceView.swift in Sources */,
				BEECE0B52C2AA56700C6A492 /* ViewC.swift in Sources */,
				BEC6B69C2C2AF5440058B12E /* QuizMultipleChoiceViewModel.swift in Sources */,
				BE3B0F2B2C28984C009D6B72 /* StatsOverlay.swift in Sources */,
			);
			runOnlyForDeploymentPostprocessing = 0;
		};
/* End PBXSourcesBuildPhase section */

/* Begin XCBuildConfiguration section */
		3A9203EC2C22751D00C4E9C4 /* Debug */ = {
			isa = XCBuildConfiguration;
			buildSettings = {
				ALWAYS_SEARCH_USER_PATHS = NO;
				ASSETCATALOG_COMPILER_GENERATE_SWIFT_ASSET_SYMBOL_EXTENSIONS = YES;
				CLANG_ANALYZER_NONNULL = YES;
				CLANG_ANALYZER_NUMBER_OBJECT_CONVERSION = YES_AGGRESSIVE;
				CLANG_CXX_LANGUAGE_STANDARD = "gnu++20";
				CLANG_ENABLE_MODULES = YES;
				CLANG_ENABLE_OBJC_ARC = YES;
				CLANG_ENABLE_OBJC_WEAK = YES;
				CLANG_WARN_BLOCK_CAPTURE_AUTORELEASING = YES;
				CLANG_WARN_BOOL_CONVERSION = YES;
				CLANG_WARN_COMMA = YES;
				CLANG_WARN_CONSTANT_CONVERSION = YES;
				CLANG_WARN_DEPRECATED_OBJC_IMPLEMENTATIONS = YES;
				CLANG_WARN_DIRECT_OBJC_ISA_USAGE = YES_ERROR;
				CLANG_WARN_DOCUMENTATION_COMMENTS = YES;
				CLANG_WARN_EMPTY_BODY = YES;
				CLANG_WARN_ENUM_CONVERSION = YES;
				CLANG_WARN_INFINITE_RECURSION = YES;
				CLANG_WARN_INT_CONVERSION = YES;
				CLANG_WARN_NON_LITERAL_NULL_CONVERSION = YES;
				CLANG_WARN_OBJC_IMPLICIT_RETAIN_SELF = YES;
				CLANG_WARN_OBJC_LITERAL_CONVERSION = YES;
				CLANG_WARN_OBJC_ROOT_CLASS = YES_ERROR;
				CLANG_WARN_QUOTED_INCLUDE_IN_FRAMEWORK_HEADER = YES;
				CLANG_WARN_RANGE_LOOP_ANALYSIS = YES;
				CLANG_WARN_STRICT_PROTOTYPES = YES;
				CLANG_WARN_SUSPICIOUS_MOVE = YES;
				CLANG_WARN_UNGUARDED_AVAILABILITY = YES_AGGRESSIVE;
				CLANG_WARN_UNREACHABLE_CODE = YES;
				CLANG_WARN__DUPLICATE_METHOD_MATCH = YES;
				COPY_PHASE_STRIP = NO;
				DEBUG_INFORMATION_FORMAT = dwarf;
				ENABLE_STRICT_OBJC_MSGSEND = YES;
				ENABLE_TESTABILITY = YES;
				ENABLE_USER_SCRIPT_SANDBOXING = YES;
				GCC_C_LANGUAGE_STANDARD = gnu17;
				GCC_DYNAMIC_NO_PIC = NO;
				GCC_NO_COMMON_BLOCKS = YES;
				GCC_OPTIMIZATION_LEVEL = 0;
				GCC_PREPROCESSOR_DEFINITIONS = (
					"DEBUG=1",
					"$(inherited)",
				);
				GCC_WARN_64_TO_32_BIT_CONVERSION = YES;
				GCC_WARN_ABOUT_RETURN_TYPE = YES_ERROR;
				GCC_WARN_UNDECLARED_SELECTOR = YES;
				GCC_WARN_UNINITIALIZED_AUTOS = YES_AGGRESSIVE;
				GCC_WARN_UNUSED_FUNCTION = YES;
				GCC_WARN_UNUSED_VARIABLE = YES;
				IPHONEOS_DEPLOYMENT_TARGET = 17.2;
				LOCALIZATION_PREFERS_STRING_CATALOGS = YES;
				MTL_ENABLE_DEBUG_INFO = INCLUDE_SOURCE;
				MTL_FAST_MATH = YES;
				ONLY_ACTIVE_ARCH = YES;
				SDKROOT = iphoneos;
				SWIFT_ACTIVE_COMPILATION_CONDITIONS = "DEBUG $(inherited)";
				SWIFT_OPTIMIZATION_LEVEL = "-Onone";
			};
			name = Debug;
		};
		3A9203ED2C22751D00C4E9C4 /* Release */ = {
			isa = XCBuildConfiguration;
			buildSettings = {
				ALWAYS_SEARCH_USER_PATHS = NO;
				ASSETCATALOG_COMPILER_GENERATE_SWIFT_ASSET_SYMBOL_EXTENSIONS = YES;
				CLANG_ANALYZER_NONNULL = YES;
				CLANG_ANALYZER_NUMBER_OBJECT_CONVERSION = YES_AGGRESSIVE;
				CLANG_CXX_LANGUAGE_STANDARD = "gnu++20";
				CLANG_ENABLE_MODULES = YES;
				CLANG_ENABLE_OBJC_ARC = YES;
				CLANG_ENABLE_OBJC_WEAK = YES;
				CLANG_WARN_BLOCK_CAPTURE_AUTORELEASING = YES;
				CLANG_WARN_BOOL_CONVERSION = YES;
				CLANG_WARN_COMMA = YES;
				CLANG_WARN_CONSTANT_CONVERSION = YES;
				CLANG_WARN_DEPRECATED_OBJC_IMPLEMENTATIONS = YES;
				CLANG_WARN_DIRECT_OBJC_ISA_USAGE = YES_ERROR;
				CLANG_WARN_DOCUMENTATION_COMMENTS = YES;
				CLANG_WARN_EMPTY_BODY = YES;
				CLANG_WARN_ENUM_CONVERSION = YES;
				CLANG_WARN_INFINITE_RECURSION = YES;
				CLANG_WARN_INT_CONVERSION = YES;
				CLANG_WARN_NON_LITERAL_NULL_CONVERSION = YES;
				CLANG_WARN_OBJC_IMPLICIT_RETAIN_SELF = YES;
				CLANG_WARN_OBJC_LITERAL_CONVERSION = YES;
				CLANG_WARN_OBJC_ROOT_CLASS = YES_ERROR;
				CLANG_WARN_QUOTED_INCLUDE_IN_FRAMEWORK_HEADER = YES;
				CLANG_WARN_RANGE_LOOP_ANALYSIS = YES;
				CLANG_WARN_STRICT_PROTOTYPES = YES;
				CLANG_WARN_SUSPICIOUS_MOVE = YES;
				CLANG_WARN_UNGUARDED_AVAILABILITY = YES_AGGRESSIVE;
				CLANG_WARN_UNREACHABLE_CODE = YES;
				CLANG_WARN__DUPLICATE_METHOD_MATCH = YES;
				COPY_PHASE_STRIP = NO;
				DEBUG_INFORMATION_FORMAT = "dwarf-with-dsym";
				ENABLE_NS_ASSERTIONS = NO;
				ENABLE_STRICT_OBJC_MSGSEND = YES;
				ENABLE_USER_SCRIPT_SANDBOXING = YES;
				GCC_C_LANGUAGE_STANDARD = gnu17;
				GCC_NO_COMMON_BLOCKS = YES;
				GCC_WARN_64_TO_32_BIT_CONVERSION = YES;
				GCC_WARN_ABOUT_RETURN_TYPE = YES_ERROR;
				GCC_WARN_UNDECLARED_SELECTOR = YES;
				GCC_WARN_UNINITIALIZED_AUTOS = YES_AGGRESSIVE;
				GCC_WARN_UNUSED_FUNCTION = YES;
				GCC_WARN_UNUSED_VARIABLE = YES;
				IPHONEOS_DEPLOYMENT_TARGET = 17.2;
				LOCALIZATION_PREFERS_STRING_CATALOGS = YES;
				MTL_ENABLE_DEBUG_INFO = NO;
				MTL_FAST_MATH = YES;
				SDKROOT = iphoneos;
				SWIFT_COMPILATION_MODE = wholemodule;
				VALIDATE_PRODUCT = YES;
			};
			name = Release;
		};
		3A9203EF2C22751D00C4E9C4 /* Debug */ = {
			isa = XCBuildConfiguration;
			buildSettings = {
				ASSETCATALOG_COMPILER_APPICON_NAME = AppIcon;
				ASSETCATALOG_COMPILER_GLOBAL_ACCENT_COLOR_NAME = AccentColor;
				CODE_SIGN_STYLE = Automatic;
				CURRENT_PROJECT_VERSION = 1;
				DEVELOPMENT_ASSET_PATHS = "\"Cendekiawan/Preview Content\"";
				DEVELOPMENT_TEAM = 2U62MM8G6X;
				ENABLE_PREVIEWS = YES;
				GENERATE_INFOPLIST_FILE = YES;
				INFOPLIST_FILE = Cendekiawan/Info.plist;
				INFOPLIST_KEY_CFBundleDisplayName = Cerdikiawan;
				INFOPLIST_KEY_UIApplicationSceneManifest_Generation = YES;
				INFOPLIST_KEY_UIApplicationSupportsIndirectInputEvents = YES;
				INFOPLIST_KEY_UILaunchScreen_Generation = YES;
				INFOPLIST_KEY_UISupportedInterfaceOrientations = "UIInterfaceOrientationLandscapeLeft UIInterfaceOrientationLandscapeRight";
				INFOPLIST_KEY_UISupportedInterfaceOrientations_iPad = "UIInterfaceOrientationLandscapeLeft UIInterfaceOrientationLandscapeRight";
				IPHONEOS_DEPLOYMENT_TARGET = 17.2;
				LD_RUNPATH_SEARCH_PATHS = (
					"$(inherited)",
					"@executable_path/Frameworks",
				);
				MARKETING_VERSION = 1.0;
				PRODUCT_BUNDLE_IDENTIFIER = appleacad.mini2.Cendekiawan;
				PRODUCT_NAME = "$(TARGET_NAME)";
				SWIFT_EMIT_LOC_STRINGS = YES;
				SWIFT_VERSION = 5.0;
				TARGETED_DEVICE_FAMILY = "1,2";
			};
			name = Debug;
		};
		3A9203F02C22751D00C4E9C4 /* Release */ = {
			isa = XCBuildConfiguration;
			buildSettings = {
				ASSETCATALOG_COMPILER_APPICON_NAME = AppIcon;
				ASSETCATALOG_COMPILER_GLOBAL_ACCENT_COLOR_NAME = AccentColor;
				CODE_SIGN_STYLE = Automatic;
				CURRENT_PROJECT_VERSION = 1;
				DEVELOPMENT_ASSET_PATHS = "\"Cendekiawan/Preview Content\"";
				DEVELOPMENT_TEAM = 2U62MM8G6X;
				ENABLE_PREVIEWS = YES;
				GENERATE_INFOPLIST_FILE = YES;
				INFOPLIST_FILE = Cendekiawan/Info.plist;
				INFOPLIST_KEY_CFBundleDisplayName = Cerdikiawan;
				INFOPLIST_KEY_UIApplicationSceneManifest_Generation = YES;
				INFOPLIST_KEY_UIApplicationSupportsIndirectInputEvents = YES;
				INFOPLIST_KEY_UILaunchScreen_Generation = YES;
				INFOPLIST_KEY_UISupportedInterfaceOrientations = "UIInterfaceOrientationLandscapeLeft UIInterfaceOrientationLandscapeRight";
				INFOPLIST_KEY_UISupportedInterfaceOrientations_iPad = "UIInterfaceOrientationLandscapeLeft UIInterfaceOrientationLandscapeRight";
				IPHONEOS_DEPLOYMENT_TARGET = 17.2;
				LD_RUNPATH_SEARCH_PATHS = (
					"$(inherited)",
					"@executable_path/Frameworks",
				);
				MARKETING_VERSION = 1.0;
				PRODUCT_BUNDLE_IDENTIFIER = appleacad.mini2.Cendekiawan;
				PRODUCT_NAME = "$(TARGET_NAME)";
				SWIFT_EMIT_LOC_STRINGS = YES;
				SWIFT_VERSION = 5.0;
				TARGETED_DEVICE_FAMILY = "1,2";
			};
			name = Release;
		};
/* End XCBuildConfiguration section */

/* Begin XCConfigurationList section */
		3A9203DB2C22751C00C4E9C4 /* Build configuration list for PBXProject "Cendekiawan" */ = {
			isa = XCConfigurationList;
			buildConfigurations = (
				3A9203EC2C22751D00C4E9C4 /* Debug */,
				3A9203ED2C22751D00C4E9C4 /* Release */,
			);
			defaultConfigurationIsVisible = 0;
			defaultConfigurationName = Release;
		};
		3A9203EE2C22751D00C4E9C4 /* Build configuration list for PBXNativeTarget "Cendekiawan" */ = {
			isa = XCConfigurationList;
			buildConfigurations = (
				3A9203EF2C22751D00C4E9C4 /* Debug */,
				3A9203F02C22751D00C4E9C4 /* Release */,
			);
			defaultConfigurationIsVisible = 0;
			defaultConfigurationName = Release;
		};
/* End XCConfigurationList section */
	};
	rootObject = 3A9203D82C22751C00C4E9C4 /* Project object */;
}
