// !$*UTF8*$!
{
	archiveVersion = 1;
	classes = {
	};
	objectVersion = 56;
	objects = {

/* Begin PBXBuildFile section */
		3A9203E42C22751C00C4E9C4 /* CendekiawanApp.swift in Sources */ = {isa = PBXBuildFile; fileRef = 3A9203E32C22751C00C4E9C4 /* CendekiawanApp.swift */; };
		3A9203E62C22751C00C4E9C4 /* ContentView.swift in Sources */ = {isa = PBXBuildFile; fileRef = 3A9203E52C22751C00C4E9C4 /* ContentView.swift */; };
		3A9203E82C22751D00C4E9C4 /* Assets.xcassets in Resources */ = {isa = PBXBuildFile; fileRef = 3A9203E72C22751D00C4E9C4 /* Assets.xcassets */; };
		3A9203EB2C22751D00C4E9C4 /* Preview Assets.xcassets in Resources */ = {isa = PBXBuildFile; fileRef = 3A9203EA2C22751D00C4E9C4 /* Preview Assets.xcassets */; };
		93713BE02C22A3B000B41CD9 /* Quiz.swift in Sources */ = {isa = PBXBuildFile; fileRef = 93713BDF2C22A3B000B41CD9 /* Quiz.swift */; };
		93713BE22C22A52E00B41CD9 /* Feedback.swift in Sources */ = {isa = PBXBuildFile; fileRef = 93713BE12C22A52E00B41CD9 /* Feedback.swift */; };
		93713BE42C22CA1100B41CD9 /* QuizMultiChoice.swift in Sources */ = {isa = PBXBuildFile; fileRef = 93713BE32C22CA1100B41CD9 /* QuizMultiChoice.swift */; };
		93713BE62C22CB4A00B41CD9 /* Choice.swift in Sources */ = {isa = PBXBuildFile; fileRef = 93713BE52C22CB4A00B41CD9 /* Choice.swift */; };
		93713BE82C22CBF000B41CD9 /* QuizFillBlank.swift in Sources */ = {isa = PBXBuildFile; fileRef = 93713BE72C22CBF000B41CD9 /* QuizFillBlank.swift */; };
		93713BEA2C22CC6100B41CD9 /* QuizConnect.swift in Sources */ = {isa = PBXBuildFile; fileRef = 93713BE92C22CC6100B41CD9 /* QuizConnect.swift */; };
		93713BEC2C22D24900B41CD9 /* QuizWordBlank.swift in Sources */ = {isa = PBXBuildFile; fileRef = 93713BEB2C22D24900B41CD9 /* QuizWordBlank.swift */; };
		93713BF02C23179300B41CD9 /* QuizViewModel.swift in Sources */ = {isa = PBXBuildFile; fileRef = 93713BEF2C23179300B41CD9 /* QuizViewModel.swift */; };
		93713BF42C2317F400B41CD9 /* QuizResultView.swift in Sources */ = {isa = PBXBuildFile; fileRef = 93713BF32C2317F400B41CD9 /* QuizResultView.swift */; };
		93713BF62C23188F00B41CD9 /* Trophy.swift in Sources */ = {isa = PBXBuildFile; fileRef = 93713BF52C23188F00B41CD9 /* Trophy.swift */; };
		93713BF82C2324D800B41CD9 /* DatabaseHelper.swift in Sources */ = {isa = PBXBuildFile; fileRef = 93713BF72C2324D800B41CD9 /* DatabaseHelper.swift */; };
		93713BFB2C2327B200B41CD9 /* GoogleService-Info.plist in Resources */ = {isa = PBXBuildFile; fileRef = 93713BFA2C2327B200B41CD9 /* GoogleService-Info.plist */; };
		93713BFE2C23288600B41CD9 /* FirebaseAppCheck in Frameworks */ = {isa = PBXBuildFile; productRef = 93713BFD2C23288600B41CD9 /* FirebaseAppCheck */; };
		93713C002C23288600B41CD9 /* FirebaseAppDistribution-Beta in Frameworks */ = {isa = PBXBuildFile; productRef = 93713BFF2C23288600B41CD9 /* FirebaseAppDistribution-Beta */; };
		93713C022C23288600B41CD9 /* FirebaseAuth in Frameworks */ = {isa = PBXBuildFile; productRef = 93713C012C23288600B41CD9 /* FirebaseAuth */; };
		93713C042C23288600B41CD9 /* FirebaseAuthCombine-Community in Frameworks */ = {isa = PBXBuildFile; productRef = 93713C032C23288600B41CD9 /* FirebaseAuthCombine-Community */; };
		93713C062C23288600B41CD9 /* FirebaseCrashlytics in Frameworks */ = {isa = PBXBuildFile; productRef = 93713C052C23288600B41CD9 /* FirebaseCrashlytics */; };
		93713C082C23288600B41CD9 /* FirebaseDatabase in Frameworks */ = {isa = PBXBuildFile; productRef = 93713C072C23288600B41CD9 /* FirebaseDatabase */; };
		93713C0A2C23288600B41CD9 /* FirebaseDatabaseSwift in Frameworks */ = {isa = PBXBuildFile; productRef = 93713C092C23288600B41CD9 /* FirebaseDatabaseSwift */; };
		93713C0C2C23288600B41CD9 /* FirebaseDynamicLinks in Frameworks */ = {isa = PBXBuildFile; productRef = 93713C0B2C23288600B41CD9 /* FirebaseDynamicLinks */; };
		93713C0E2C23288600B41CD9 /* FirebaseFirestore in Frameworks */ = {isa = PBXBuildFile; productRef = 93713C0D2C23288600B41CD9 /* FirebaseFirestore */; };
		93713C102C23288600B41CD9 /* FirebaseFirestoreCombine-Community in Frameworks */ = {isa = PBXBuildFile; productRef = 93713C0F2C23288600B41CD9 /* FirebaseFirestoreCombine-Community */; };
		93713C122C23288600B41CD9 /* FirebaseFirestoreSwift in Frameworks */ = {isa = PBXBuildFile; productRef = 93713C112C23288600B41CD9 /* FirebaseFirestoreSwift */; };
		93713C142C23288600B41CD9 /* FirebaseFunctions in Frameworks */ = {isa = PBXBuildFile; productRef = 93713C132C23288600B41CD9 /* FirebaseFunctions */; };
		93713C162C23288600B41CD9 /* FirebaseFunctionsCombine-Community in Frameworks */ = {isa = PBXBuildFile; productRef = 93713C152C23288600B41CD9 /* FirebaseFunctionsCombine-Community */; };
		93713C182C23288600B41CD9 /* FirebaseInAppMessaging-Beta in Frameworks */ = {isa = PBXBuildFile; productRef = 93713C172C23288600B41CD9 /* FirebaseInAppMessaging-Beta */; };
		93713C1A2C23288600B41CD9 /* FirebaseInAppMessagingSwift-Beta in Frameworks */ = {isa = PBXBuildFile; productRef = 93713C192C23288600B41CD9 /* FirebaseInAppMessagingSwift-Beta */; };
		93713C1C2C23288600B41CD9 /* FirebaseInstallations in Frameworks */ = {isa = PBXBuildFile; productRef = 93713C1B2C23288600B41CD9 /* FirebaseInstallations */; };
		93713C1E2C23288600B41CD9 /* FirebaseMLModelDownloader in Frameworks */ = {isa = PBXBuildFile; productRef = 93713C1D2C23288600B41CD9 /* FirebaseMLModelDownloader */; };
		93713C202C23288600B41CD9 /* FirebaseMessaging in Frameworks */ = {isa = PBXBuildFile; productRef = 93713C1F2C23288600B41CD9 /* FirebaseMessaging */; };
		93713C222C23288600B41CD9 /* FirebasePerformance in Frameworks */ = {isa = PBXBuildFile; productRef = 93713C212C23288600B41CD9 /* FirebasePerformance */; };
		93713C242C23288600B41CD9 /* FirebaseRemoteConfig in Frameworks */ = {isa = PBXBuildFile; productRef = 93713C232C23288600B41CD9 /* FirebaseRemoteConfig */; };
		93713C262C23288600B41CD9 /* FirebaseRemoteConfigSwift in Frameworks */ = {isa = PBXBuildFile; productRef = 93713C252C23288600B41CD9 /* FirebaseRemoteConfigSwift */; };
		93713C282C23288600B41CD9 /* FirebaseStorage in Frameworks */ = {isa = PBXBuildFile; productRef = 93713C272C23288600B41CD9 /* FirebaseStorage */; };
		93713C2A2C23288600B41CD9 /* FirebaseStorageCombine-Community in Frameworks */ = {isa = PBXBuildFile; productRef = 93713C292C23288600B41CD9 /* FirebaseStorageCombine-Community */; };
		93713C2C2C23288600B41CD9 /* FirebaseVertexAI-Preview in Frameworks */ = {isa = PBXBuildFile; productRef = 93713C2B2C23288600B41CD9 /* FirebaseVertexAI-Preview */; };
/* End PBXBuildFile section */

/* Begin PBXFileReference section */
		3A9203E02C22751C00C4E9C4 /* Cendekiawan.app */ = {isa = PBXFileReference; explicitFileType = wrapper.application; includeInIndex = 0; path = Cendekiawan.app; sourceTree = BUILT_PRODUCTS_DIR; };
		3A9203E32C22751C00C4E9C4 /* CendekiawanApp.swift */ = {isa = PBXFileReference; lastKnownFileType = sourcecode.swift; path = CendekiawanApp.swift; sourceTree = "<group>"; };
		3A9203E52C22751C00C4E9C4 /* ContentView.swift */ = {isa = PBXFileReference; lastKnownFileType = sourcecode.swift; path = ContentView.swift; sourceTree = "<group>"; };
		3A9203E72C22751D00C4E9C4 /* Assets.xcassets */ = {isa = PBXFileReference; lastKnownFileType = folder.assetcatalog; path = Assets.xcassets; sourceTree = "<group>"; };
		3A9203EA2C22751D00C4E9C4 /* Preview Assets.xcassets */ = {isa = PBXFileReference; lastKnownFileType = folder.assetcatalog; path = "Preview Assets.xcassets"; sourceTree = "<group>"; };
		93713BDF2C22A3B000B41CD9 /* Quiz.swift */ = {isa = PBXFileReference; lastKnownFileType = sourcecode.swift; path = Quiz.swift; sourceTree = "<group>"; };
		93713BE12C22A52E00B41CD9 /* Feedback.swift */ = {isa = PBXFileReference; lastKnownFileType = sourcecode.swift; path = Feedback.swift; sourceTree = "<group>"; };
		93713BE32C22CA1100B41CD9 /* QuizMultiChoice.swift */ = {isa = PBXFileReference; lastKnownFileType = sourcecode.swift; path = QuizMultiChoice.swift; sourceTree = "<group>"; };
		93713BE52C22CB4A00B41CD9 /* Choice.swift */ = {isa = PBXFileReference; lastKnownFileType = sourcecode.swift; path = Choice.swift; sourceTree = "<group>"; };
		93713BE72C22CBF000B41CD9 /* QuizFillBlank.swift */ = {isa = PBXFileReference; lastKnownFileType = sourcecode.swift; path = QuizFillBlank.swift; sourceTree = "<group>"; };
		93713BE92C22CC6100B41CD9 /* QuizConnect.swift */ = {isa = PBXFileReference; lastKnownFileType = sourcecode.swift; path = QuizConnect.swift; sourceTree = "<group>"; };
		93713BEB2C22D24900B41CD9 /* QuizWordBlank.swift */ = {isa = PBXFileReference; lastKnownFileType = sourcecode.swift; path = QuizWordBlank.swift; sourceTree = "<group>"; };
		93713BEF2C23179300B41CD9 /* QuizViewModel.swift */ = {isa = PBXFileReference; lastKnownFileType = sourcecode.swift; path = QuizViewModel.swift; sourceTree = "<group>"; };
		93713BF32C2317F400B41CD9 /* QuizResultView.swift */ = {isa = PBXFileReference; lastKnownFileType = sourcecode.swift; path = QuizResultView.swift; sourceTree = "<group>"; };
		93713BF52C23188F00B41CD9 /* Trophy.swift */ = {isa = PBXFileReference; lastKnownFileType = sourcecode.swift; path = Trophy.swift; sourceTree = "<group>"; };
		93713BF72C2324D800B41CD9 /* DatabaseHelper.swift */ = {isa = PBXFileReference; lastKnownFileType = sourcecode.swift; path = DatabaseHelper.swift; sourceTree = "<group>"; };
		93713BFA2C2327B200B41CD9 /* GoogleService-Info.plist */ = {isa = PBXFileReference; fileEncoding = 4; lastKnownFileType = text.plist.xml; path = "GoogleService-Info.plist"; sourceTree = "<group>"; };
/* End PBXFileReference section */

/* Begin PBXFrameworksBuildPhase section */
		3A9203DD2C22751C00C4E9C4 /* Frameworks */ = {
			isa = PBXFrameworksBuildPhase;
			buildActionMask = 2147483647;
			files = (
				93713C2C2C23288600B41CD9 /* FirebaseVertexAI-Preview in Frameworks */,
				93713C202C23288600B41CD9 /* FirebaseMessaging in Frameworks */,
				93713C1E2C23288600B41CD9 /* FirebaseMLModelDownloader in Frameworks */,
				93713C0A2C23288600B41CD9 /* FirebaseDatabaseSwift in Frameworks */,
				93713C2A2C23288600B41CD9 /* FirebaseStorageCombine-Community in Frameworks */,
				93713C262C23288600B41CD9 /* FirebaseRemoteConfigSwift in Frameworks */,
				93713C182C23288600B41CD9 /* FirebaseInAppMessaging-Beta in Frameworks */,
				93713C082C23288600B41CD9 /* FirebaseDatabase in Frameworks */,
				93713BFE2C23288600B41CD9 /* FirebaseAppCheck in Frameworks */,
				93713C142C23288600B41CD9 /* FirebaseFunctions in Frameworks */,
				93713C102C23288600B41CD9 /* FirebaseFirestoreCombine-Community in Frameworks */,
				93713C0C2C23288600B41CD9 /* FirebaseDynamicLinks in Frameworks */,
				93713C1A2C23288600B41CD9 /* FirebaseInAppMessagingSwift-Beta in Frameworks */,
				93713C122C23288600B41CD9 /* FirebaseFirestoreSwift in Frameworks */,
				93713C022C23288600B41CD9 /* FirebaseAuth in Frameworks */,
				93713C162C23288600B41CD9 /* FirebaseFunctionsCombine-Community in Frameworks */,
				93713C1C2C23288600B41CD9 /* FirebaseInstallations in Frameworks */,
				93713C222C23288600B41CD9 /* FirebasePerformance in Frameworks */,
				93713C0E2C23288600B41CD9 /* FirebaseFirestore in Frameworks */,
				93713C062C23288600B41CD9 /* FirebaseCrashlytics in Frameworks */,
				93713C002C23288600B41CD9 /* FirebaseAppDistribution-Beta in Frameworks */,
				93713C282C23288600B41CD9 /* FirebaseStorage in Frameworks */,
				93713C042C23288600B41CD9 /* FirebaseAuthCombine-Community in Frameworks */,
				93713C242C23288600B41CD9 /* FirebaseRemoteConfig in Frameworks */,
			);
			runOnlyForDeploymentPostprocessing = 0;
		};
/* End PBXFrameworksBuildPhase section */

/* Begin PBXGroup section */
		3A9203D72C22751C00C4E9C4 = {
			isa = PBXGroup;
			children = (
				3A9203E22C22751C00C4E9C4 /* Cendekiawan */,
				3A9203E12C22751C00C4E9C4 /* Products */,
			);
			sourceTree = "<group>";
		};
		3A9203E12C22751C00C4E9C4 /* Products */ = {
			isa = PBXGroup;
			children = (
				3A9203E02C22751C00C4E9C4 /* Cendekiawan.app */,
			);
			name = Products;
			sourceTree = "<group>";
		};
		3A9203E22C22751C00C4E9C4 /* Cendekiawan */ = {
			isa = PBXGroup;
			children = (
				93713BFA2C2327B200B41CD9 /* GoogleService-Info.plist */,
				3A9203E32C22751C00C4E9C4 /* CendekiawanApp.swift */,
				93713BF92C2324DE00B41CD9 /* Utils */,
				93713BF12C2317CC00B41CD9 /* View */,
				3A9203E72C22751D00C4E9C4 /* Assets.xcassets */,
				93713BF22C2317D200B41CD9 /* ViewModel */,
				93713BEE2C22D2A500B41CD9 /* Model */,
				3A9203E92C22751D00C4E9C4 /* Preview Content */,
			);
			path = Cendekiawan;
			sourceTree = "<group>";
		};
		3A9203E92C22751D00C4E9C4 /* Preview Content */ = {
			isa = PBXGroup;
			children = (
				3A9203EA2C22751D00C4E9C4 /* Preview Assets.xcassets */,
			);
			path = "Preview Content";
			sourceTree = "<group>";
		};
		93713BEE2C22D2A500B41CD9 /* Model */ = {
			isa = PBXGroup;
			children = (
				93713BDF2C22A3B000B41CD9 /* Quiz.swift */,
				93713BE12C22A52E00B41CD9 /* Feedback.swift */,
				93713BE52C22CB4A00B41CD9 /* Choice.swift */,
				93713BE32C22CA1100B41CD9 /* QuizMultiChoice.swift */,
				93713BE72C22CBF000B41CD9 /* QuizFillBlank.swift */,
				93713BE92C22CC6100B41CD9 /* QuizConnect.swift */,
				93713BEB2C22D24900B41CD9 /* QuizWordBlank.swift */,
				93713BF52C23188F00B41CD9 /* Trophy.swift */,
			);
			path = Model;
			sourceTree = "<group>";
		};
		93713BF12C2317CC00B41CD9 /* View */ = {
			isa = PBXGroup;
			children = (
				3A9203E52C22751C00C4E9C4 /* ContentView.swift */,
				93713BF32C2317F400B41CD9 /* QuizResultView.swift */,
			);
			name = View;
			sourceTree = "<group>";
		};
		93713BF22C2317D200B41CD9 /* ViewModel */ = {
			isa = PBXGroup;
			children = (
				93713BEF2C23179300B41CD9 /* QuizViewModel.swift */,
			);
			name = ViewModel;
			sourceTree = "<group>";
		};
		93713BF92C2324DE00B41CD9 /* Utils */ = {
			isa = PBXGroup;
			children = (
				93713BF72C2324D800B41CD9 /* DatabaseHelper.swift */,
			);
			name = Utils;
			sourceTree = "<group>";
		};
/* End PBXGroup section */

/* Begin PBXNativeTarget section */
		3A9203DF2C22751C00C4E9C4 /* Cendekiawan */ = {
			isa = PBXNativeTarget;
			buildConfigurationList = 3A9203EE2C22751D00C4E9C4 /* Build configuration list for PBXNativeTarget "Cendekiawan" */;
			buildPhases = (
				3A9203DC2C22751C00C4E9C4 /* Sources */,
				3A9203DD2C22751C00C4E9C4 /* Frameworks */,
				3A9203DE2C22751C00C4E9C4 /* Resources */,
			);
			buildRules = (
			);
			dependencies = (
			);
			name = Cendekiawan;
			packageProductDependencies = (
				93713BFD2C23288600B41CD9 /* FirebaseAppCheck */,
				93713BFF2C23288600B41CD9 /* FirebaseAppDistribution-Beta */,
				93713C012C23288600B41CD9 /* FirebaseAuth */,
				93713C032C23288600B41CD9 /* FirebaseAuthCombine-Community */,
				93713C052C23288600B41CD9 /* FirebaseCrashlytics */,
				93713C072C23288600B41CD9 /* FirebaseDatabase */,
				93713C092C23288600B41CD9 /* FirebaseDatabaseSwift */,
				93713C0B2C23288600B41CD9 /* FirebaseDynamicLinks */,
				93713C0D2C23288600B41CD9 /* FirebaseFirestore */,
				93713C0F2C23288600B41CD9 /* FirebaseFirestoreCombine-Community */,
				93713C112C23288600B41CD9 /* FirebaseFirestoreSwift */,
				93713C132C23288600B41CD9 /* FirebaseFunctions */,
				93713C152C23288600B41CD9 /* FirebaseFunctionsCombine-Community */,
				93713C172C23288600B41CD9 /* FirebaseInAppMessaging-Beta */,
				93713C192C23288600B41CD9 /* FirebaseInAppMessagingSwift-Beta */,
				93713C1B2C23288600B41CD9 /* FirebaseInstallations */,
				93713C1D2C23288600B41CD9 /* FirebaseMLModelDownloader */,
				93713C1F2C23288600B41CD9 /* FirebaseMessaging */,
				93713C212C23288600B41CD9 /* FirebasePerformance */,
				93713C232C23288600B41CD9 /* FirebaseRemoteConfig */,
				93713C252C23288600B41CD9 /* FirebaseRemoteConfigSwift */,
				93713C272C23288600B41CD9 /* FirebaseStorage */,
				93713C292C23288600B41CD9 /* FirebaseStorageCombine-Community */,
				93713C2B2C23288600B41CD9 /* FirebaseVertexAI-Preview */,
			);
			productName = Cendekiawan;
			productReference = 3A9203E02C22751C00C4E9C4 /* Cendekiawan.app */;
			productType = "com.apple.product-type.application";
		};
/* End PBXNativeTarget section */

/* Begin PBXProject section */
		3A9203D82C22751C00C4E9C4 /* Project object */ = {
			isa = PBXProject;
			attributes = {
				BuildIndependentTargetsInParallel = 1;
				LastSwiftUpdateCheck = 1540;
				LastUpgradeCheck = 1540;
				TargetAttributes = {
					3A9203DF2C22751C00C4E9C4 = {
						CreatedOnToolsVersion = 15.4;
					};
				};
			};
			buildConfigurationList = 3A9203DB2C22751C00C4E9C4 /* Build configuration list for PBXProject "Cendekiawan" */;
			compatibilityVersion = "Xcode 14.0";
			developmentRegion = en;
			hasScannedForEncodings = 0;
			knownRegions = (
				en,
				Base,
			);
			mainGroup = 3A9203D72C22751C00C4E9C4;
			packageReferences = (
				93713BFC2C23288600B41CD9 /* XCRemoteSwiftPackageReference "firebase-ios-sdk" */,
			);
			productRefGroup = 3A9203E12C22751C00C4E9C4 /* Products */;
			projectDirPath = "";
			projectRoot = "";
			targets = (
				3A9203DF2C22751C00C4E9C4 /* Cendekiawan */,
			);
		};
/* End PBXProject section */

/* Begin PBXResourcesBuildPhase section */
		3A9203DE2C22751C00C4E9C4 /* Resources */ = {
			isa = PBXResourcesBuildPhase;
			buildActionMask = 2147483647;
			files = (
				3A9203EB2C22751D00C4E9C4 /* Preview Assets.xcassets in Resources */,
				3A9203E82C22751D00C4E9C4 /* Assets.xcassets in Resources */,
				93713BFB2C2327B200B41CD9 /* GoogleService-Info.plist in Resources */,
			);
			runOnlyForDeploymentPostprocessing = 0;
		};
/* End PBXResourcesBuildPhase section */

/* Begin PBXSourcesBuildPhase section */
		3A9203DC2C22751C00C4E9C4 /* Sources */ = {
			isa = PBXSourcesBuildPhase;
			buildActionMask = 2147483647;
			files = (
				93713BE62C22CB4A00B41CD9 /* Choice.swift in Sources */,
				93713BEC2C22D24900B41CD9 /* QuizWordBlank.swift in Sources */,
				93713BE82C22CBF000B41CD9 /* QuizFillBlank.swift in Sources */,
				93713BF42C2317F400B41CD9 /* QuizResultView.swift in Sources */,
				93713BF02C23179300B41CD9 /* QuizViewModel.swift in Sources */,
				3A9203E62C22751C00C4E9C4 /* ContentView.swift in Sources */,
				93713BE02C22A3B000B41CD9 /* Quiz.swift in Sources */,
				93713BE22C22A52E00B41CD9 /* Feedback.swift in Sources */,
				3A9203E42C22751C00C4E9C4 /* CendekiawanApp.swift in Sources */,
				93713BF62C23188F00B41CD9 /* Trophy.swift in Sources */,
				93713BE42C22CA1100B41CD9 /* QuizMultiChoice.swift in Sources */,
				93713BEA2C22CC6100B41CD9 /* QuizConnect.swift in Sources */,
				93713BF82C2324D800B41CD9 /* DatabaseHelper.swift in Sources */,
			);
			runOnlyForDeploymentPostprocessing = 0;
		};
/* End PBXSourcesBuildPhase section */

/* Begin XCBuildConfiguration section */
		3A9203EC2C22751D00C4E9C4 /* Debug */ = {
			isa = XCBuildConfiguration;
			buildSettings = {
				ALWAYS_SEARCH_USER_PATHS = NO;
				ASSETCATALOG_COMPILER_GENERATE_SWIFT_ASSET_SYMBOL_EXTENSIONS = YES;
				CLANG_ANALYZER_NONNULL = YES;
				CLANG_ANALYZER_NUMBER_OBJECT_CONVERSION = YES_AGGRESSIVE;
				CLANG_CXX_LANGUAGE_STANDARD = "gnu++20";
				CLANG_ENABLE_MODULES = YES;
				CLANG_ENABLE_OBJC_ARC = YES;
				CLANG_ENABLE_OBJC_WEAK = YES;
				CLANG_WARN_BLOCK_CAPTURE_AUTORELEASING = YES;
				CLANG_WARN_BOOL_CONVERSION = YES;
				CLANG_WARN_COMMA = YES;
				CLANG_WARN_CONSTANT_CONVERSION = YES;
				CLANG_WARN_DEPRECATED_OBJC_IMPLEMENTATIONS = YES;
				CLANG_WARN_DIRECT_OBJC_ISA_USAGE = YES_ERROR;
				CLANG_WARN_DOCUMENTATION_COMMENTS = YES;
				CLANG_WARN_EMPTY_BODY = YES;
				CLANG_WARN_ENUM_CONVERSION = YES;
				CLANG_WARN_INFINITE_RECURSION = YES;
				CLANG_WARN_INT_CONVERSION = YES;
				CLANG_WARN_NON_LITERAL_NULL_CONVERSION = YES;
				CLANG_WARN_OBJC_IMPLICIT_RETAIN_SELF = YES;
				CLANG_WARN_OBJC_LITERAL_CONVERSION = YES;
				CLANG_WARN_OBJC_ROOT_CLASS = YES_ERROR;
				CLANG_WARN_QUOTED_INCLUDE_IN_FRAMEWORK_HEADER = YES;
				CLANG_WARN_RANGE_LOOP_ANALYSIS = YES;
				CLANG_WARN_STRICT_PROTOTYPES = YES;
				CLANG_WARN_SUSPICIOUS_MOVE = YES;
				CLANG_WARN_UNGUARDED_AVAILABILITY = YES_AGGRESSIVE;
				CLANG_WARN_UNREACHABLE_CODE = YES;
				CLANG_WARN__DUPLICATE_METHOD_MATCH = YES;
				COPY_PHASE_STRIP = NO;
				DEBUG_INFORMATION_FORMAT = dwarf;
				ENABLE_STRICT_OBJC_MSGSEND = YES;
				ENABLE_TESTABILITY = YES;
				ENABLE_USER_SCRIPT_SANDBOXING = YES;
				GCC_C_LANGUAGE_STANDARD = gnu17;
				GCC_DYNAMIC_NO_PIC = NO;
				GCC_NO_COMMON_BLOCKS = YES;
				GCC_OPTIMIZATION_LEVEL = 0;
				GCC_PREPROCESSOR_DEFINITIONS = (
					"DEBUG=1",
					"$(inherited)",
				);
				GCC_WARN_64_TO_32_BIT_CONVERSION = YES;
				GCC_WARN_ABOUT_RETURN_TYPE = YES_ERROR;
				GCC_WARN_UNDECLARED_SELECTOR = YES;
				GCC_WARN_UNINITIALIZED_AUTOS = YES_AGGRESSIVE;
				GCC_WARN_UNUSED_FUNCTION = YES;
				GCC_WARN_UNUSED_VARIABLE = YES;
				IPHONEOS_DEPLOYMENT_TARGET = 17.5;
				LOCALIZATION_PREFERS_STRING_CATALOGS = YES;
				MTL_ENABLE_DEBUG_INFO = INCLUDE_SOURCE;
				MTL_FAST_MATH = YES;
				ONLY_ACTIVE_ARCH = YES;
				SDKROOT = iphoneos;
				SWIFT_ACTIVE_COMPILATION_CONDITIONS = "DEBUG $(inherited)";
				SWIFT_OPTIMIZATION_LEVEL = "-Onone";
			};
			name = Debug;
		};
		3A9203ED2C22751D00C4E9C4 /* Release */ = {
			isa = XCBuildConfiguration;
			buildSettings = {
				ALWAYS_SEARCH_USER_PATHS = NO;
				ASSETCATALOG_COMPILER_GENERATE_SWIFT_ASSET_SYMBOL_EXTENSIONS = YES;
				CLANG_ANALYZER_NONNULL = YES;
				CLANG_ANALYZER_NUMBER_OBJECT_CONVERSION = YES_AGGRESSIVE;
				CLANG_CXX_LANGUAGE_STANDARD = "gnu++20";
				CLANG_ENABLE_MODULES = YES;
				CLANG_ENABLE_OBJC_ARC = YES;
				CLANG_ENABLE_OBJC_WEAK = YES;
				CLANG_WARN_BLOCK_CAPTURE_AUTORELEASING = YES;
				CLANG_WARN_BOOL_CONVERSION = YES;
				CLANG_WARN_COMMA = YES;
				CLANG_WARN_CONSTANT_CONVERSION = YES;
				CLANG_WARN_DEPRECATED_OBJC_IMPLEMENTATIONS = YES;
				CLANG_WARN_DIRECT_OBJC_ISA_USAGE = YES_ERROR;
				CLANG_WARN_DOCUMENTATION_COMMENTS = YES;
				CLANG_WARN_EMPTY_BODY = YES;
				CLANG_WARN_ENUM_CONVERSION = YES;
				CLANG_WARN_INFINITE_RECURSION = YES;
				CLANG_WARN_INT_CONVERSION = YES;
				CLANG_WARN_NON_LITERAL_NULL_CONVERSION = YES;
				CLANG_WARN_OBJC_IMPLICIT_RETAIN_SELF = YES;
				CLANG_WARN_OBJC_LITERAL_CONVERSION = YES;
				CLANG_WARN_OBJC_ROOT_CLASS = YES_ERROR;
				CLANG_WARN_QUOTED_INCLUDE_IN_FRAMEWORK_HEADER = YES;
				CLANG_WARN_RANGE_LOOP_ANALYSIS = YES;
				CLANG_WARN_STRICT_PROTOTYPES = YES;
				CLANG_WARN_SUSPICIOUS_MOVE = YES;
				CLANG_WARN_UNGUARDED_AVAILABILITY = YES_AGGRESSIVE;
				CLANG_WARN_UNREACHABLE_CODE = YES;
				CLANG_WARN__DUPLICATE_METHOD_MATCH = YES;
				COPY_PHASE_STRIP = NO;
				DEBUG_INFORMATION_FORMAT = "dwarf-with-dsym";
				ENABLE_NS_ASSERTIONS = NO;
				ENABLE_STRICT_OBJC_MSGSEND = YES;
				ENABLE_USER_SCRIPT_SANDBOXING = YES;
				GCC_C_LANGUAGE_STANDARD = gnu17;
				GCC_NO_COMMON_BLOCKS = YES;
				GCC_WARN_64_TO_32_BIT_CONVERSION = YES;
				GCC_WARN_ABOUT_RETURN_TYPE = YES_ERROR;
				GCC_WARN_UNDECLARED_SELECTOR = YES;
				GCC_WARN_UNINITIALIZED_AUTOS = YES_AGGRESSIVE;
				GCC_WARN_UNUSED_FUNCTION = YES;
				GCC_WARN_UNUSED_VARIABLE = YES;
				IPHONEOS_DEPLOYMENT_TARGET = 17.5;
				LOCALIZATION_PREFERS_STRING_CATALOGS = YES;
				MTL_ENABLE_DEBUG_INFO = NO;
				MTL_FAST_MATH = YES;
				SDKROOT = iphoneos;
				SWIFT_COMPILATION_MODE = wholemodule;
				VALIDATE_PRODUCT = YES;
			};
			name = Release;
		};
		3A9203EF2C22751D00C4E9C4 /* Debug */ = {
			isa = XCBuildConfiguration;
			buildSettings = {
				ASSETCATALOG_COMPILER_APPICON_NAME = AppIcon;
				ASSETCATALOG_COMPILER_GLOBAL_ACCENT_COLOR_NAME = AccentColor;
				CODE_SIGN_STYLE = Automatic;
				CURRENT_PROJECT_VERSION = 1;
				DEVELOPMENT_ASSET_PATHS = "\"Cendekiawan/Preview Content\"";
				DEVELOPMENT_TEAM = SW8FY3LA3R;
				ENABLE_PREVIEWS = YES;
				GENERATE_INFOPLIST_FILE = YES;
				INFOPLIST_KEY_UIApplicationSceneManifest_Generation = YES;
				INFOPLIST_KEY_UIApplicationSupportsIndirectInputEvents = YES;
				INFOPLIST_KEY_UILaunchScreen_Generation = YES;
				INFOPLIST_KEY_UISupportedInterfaceOrientations_iPad = "UIInterfaceOrientationPortrait UIInterfaceOrientationPortraitUpsideDown UIInterfaceOrientationLandscapeLeft UIInterfaceOrientationLandscapeRight";
				INFOPLIST_KEY_UISupportedInterfaceOrientations_iPhone = "UIInterfaceOrientationPortrait UIInterfaceOrientationLandscapeLeft UIInterfaceOrientationLandscapeRight";
				LD_RUNPATH_SEARCH_PATHS = (
					"$(inherited)",
					"@executable_path/Frameworks",
				);
				MARKETING_VERSION = 1.0;
				PRODUCT_BUNDLE_IDENTIFIER = appleacad.mini2.Cendekiawan;
				PRODUCT_NAME = "$(TARGET_NAME)";
				SWIFT_EMIT_LOC_STRINGS = YES;
				SWIFT_VERSION = 5.0;
				TARGETED_DEVICE_FAMILY = "1,2";
			};
			name = Debug;
		};
		3A9203F02C22751D00C4E9C4 /* Release */ = {
			isa = XCBuildConfiguration;
			buildSettings = {
				ASSETCATALOG_COMPILER_APPICON_NAME = AppIcon;
				ASSETCATALOG_COMPILER_GLOBAL_ACCENT_COLOR_NAME = AccentColor;
				CODE_SIGN_STYLE = Automatic;
				CURRENT_PROJECT_VERSION = 1;
				DEVELOPMENT_ASSET_PATHS = "\"Cendekiawan/Preview Content\"";
				DEVELOPMENT_TEAM = SW8FY3LA3R;
				ENABLE_PREVIEWS = YES;
				GENERATE_INFOPLIST_FILE = YES;
				INFOPLIST_KEY_UIApplicationSceneManifest_Generation = YES;
				INFOPLIST_KEY_UIApplicationSupportsIndirectInputEvents = YES;
				INFOPLIST_KEY_UILaunchScreen_Generation = YES;
				INFOPLIST_KEY_UISupportedInterfaceOrientations_iPad = "UIInterfaceOrientationPortrait UIInterfaceOrientationPortraitUpsideDown UIInterfaceOrientationLandscapeLeft UIInterfaceOrientationLandscapeRight";
				INFOPLIST_KEY_UISupportedInterfaceOrientations_iPhone = "UIInterfaceOrientationPortrait UIInterfaceOrientationLandscapeLeft UIInterfaceOrientationLandscapeRight";
				LD_RUNPATH_SEARCH_PATHS = (
					"$(inherited)",
					"@executable_path/Frameworks",
				);
				MARKETING_VERSION = 1.0;
				PRODUCT_BUNDLE_IDENTIFIER = appleacad.mini2.Cendekiawan;
				PRODUCT_NAME = "$(TARGET_NAME)";
				SWIFT_EMIT_LOC_STRINGS = YES;
				SWIFT_VERSION = 5.0;
				TARGETED_DEVICE_FAMILY = "1,2";
			};
			name = Release;
		};
/* End XCBuildConfiguration section */

/* Begin XCConfigurationList section */
		3A9203DB2C22751C00C4E9C4 /* Build configuration list for PBXProject "Cendekiawan" */ = {
			isa = XCConfigurationList;
			buildConfigurations = (
				3A9203EC2C22751D00C4E9C4 /* Debug */,
				3A9203ED2C22751D00C4E9C4 /* Release */,
			);
			defaultConfigurationIsVisible = 0;
			defaultConfigurationName = Release;
		};
		3A9203EE2C22751D00C4E9C4 /* Build configuration list for PBXNativeTarget "Cendekiawan" */ = {
			isa = XCConfigurationList;
			buildConfigurations = (
				3A9203EF2C22751D00C4E9C4 /* Debug */,
				3A9203F02C22751D00C4E9C4 /* Release */,
			);
			defaultConfigurationIsVisible = 0;
			defaultConfigurationName = Release;
		};
/* End XCConfigurationList section */

/* Begin XCRemoteSwiftPackageReference section */
		93713BFC2C23288600B41CD9 /* XCRemoteSwiftPackageReference "firebase-ios-sdk" */ = {
			isa = XCRemoteSwiftPackageReference;
			repositoryURL = "https://github.com/firebase/firebase-ios-sdk.git";
			requirement = {
				kind = upToNextMajorVersion;
				minimumVersion = 10.28.0;
			};
		};
/* End XCRemoteSwiftPackageReference section */

/* Begin XCSwiftPackageProductDependency section */
		93713BFD2C23288600B41CD9 /* FirebaseAppCheck */ = {
			isa = XCSwiftPackageProductDependency;
			package = 93713BFC2C23288600B41CD9 /* XCRemoteSwiftPackageReference "firebase-ios-sdk" */;
			productName = FirebaseAppCheck;
		};
		93713BFF2C23288600B41CD9 /* FirebaseAppDistribution-Beta */ = {
			isa = XCSwiftPackageProductDependency;
			package = 93713BFC2C23288600B41CD9 /* XCRemoteSwiftPackageReference "firebase-ios-sdk" */;
			productName = "FirebaseAppDistribution-Beta";
		};
		93713C012C23288600B41CD9 /* FirebaseAuth */ = {
			isa = XCSwiftPackageProductDependency;
			package = 93713BFC2C23288600B41CD9 /* XCRemoteSwiftPackageReference "firebase-ios-sdk" */;
			productName = FirebaseAuth;
		};
		93713C032C23288600B41CD9 /* FirebaseAuthCombine-Community */ = {
			isa = XCSwiftPackageProductDependency;
			package = 93713BFC2C23288600B41CD9 /* XCRemoteSwiftPackageReference "firebase-ios-sdk" */;
			productName = "FirebaseAuthCombine-Community";
		};
		93713C052C23288600B41CD9 /* FirebaseCrashlytics */ = {
			isa = XCSwiftPackageProductDependency;
			package = 93713BFC2C23288600B41CD9 /* XCRemoteSwiftPackageReference "firebase-ios-sdk" */;
			productName = FirebaseCrashlytics;
		};
		93713C072C23288600B41CD9 /* FirebaseDatabase */ = {
			isa = XCSwiftPackageProductDependency;
			package = 93713BFC2C23288600B41CD9 /* XCRemoteSwiftPackageReference "firebase-ios-sdk" */;
			productName = FirebaseDatabase;
		};
		93713C092C23288600B41CD9 /* FirebaseDatabaseSwift */ = {
			isa = XCSwiftPackageProductDependency;
			package = 93713BFC2C23288600B41CD9 /* XCRemoteSwiftPackageReference "firebase-ios-sdk" */;
			productName = FirebaseDatabaseSwift;
		};
		93713C0B2C23288600B41CD9 /* FirebaseDynamicLinks */ = {
			isa = XCSwiftPackageProductDependency;
			package = 93713BFC2C23288600B41CD9 /* XCRemoteSwiftPackageReference "firebase-ios-sdk" */;
			productName = FirebaseDynamicLinks;
		};
		93713C0D2C23288600B41CD9 /* FirebaseFirestore */ = {
			isa = XCSwiftPackageProductDependency;
			package = 93713BFC2C23288600B41CD9 /* XCRemoteSwiftPackageReference "firebase-ios-sdk" */;
			productName = FirebaseFirestore;
		};
		93713C0F2C23288600B41CD9 /* FirebaseFirestoreCombine-Community */ = {
			isa = XCSwiftPackageProductDependency;
			package = 93713BFC2C23288600B41CD9 /* XCRemoteSwiftPackageReference "firebase-ios-sdk" */;
			productName = "FirebaseFirestoreCombine-Community";
		};
		93713C112C23288600B41CD9 /* FirebaseFirestoreSwift */ = {
			isa = XCSwiftPackageProductDependency;
			package = 93713BFC2C23288600B41CD9 /* XCRemoteSwiftPackageReference "firebase-ios-sdk" */;
			productName = FirebaseFirestoreSwift;
		};
		93713C132C23288600B41CD9 /* FirebaseFunctions */ = {
			isa = XCSwiftPackageProductDependency;
			package = 93713BFC2C23288600B41CD9 /* XCRemoteSwiftPackageReference "firebase-ios-sdk" */;
			productName = FirebaseFunctions;
		};
		93713C152C23288600B41CD9 /* FirebaseFunctionsCombine-Community */ = {
			isa = XCSwiftPackageProductDependency;
			package = 93713BFC2C23288600B41CD9 /* XCRemoteSwiftPackageReference "firebase-ios-sdk" */;
			productName = "FirebaseFunctionsCombine-Community";
		};
		93713C172C23288600B41CD9 /* FirebaseInAppMessaging-Beta */ = {
			isa = XCSwiftPackageProductDependency;
			package = 93713BFC2C23288600B41CD9 /* XCRemoteSwiftPackageReference "firebase-ios-sdk" */;
			productName = "FirebaseInAppMessaging-Beta";
		};
		93713C192C23288600B41CD9 /* FirebaseInAppMessagingSwift-Beta */ = {
			isa = XCSwiftPackageProductDependency;
			package = 93713BFC2C23288600B41CD9 /* XCRemoteSwiftPackageReference "firebase-ios-sdk" */;
			productName = "FirebaseInAppMessagingSwift-Beta";
		};
		93713C1B2C23288600B41CD9 /* FirebaseInstallations */ = {
			isa = XCSwiftPackageProductDependency;
			package = 93713BFC2C23288600B41CD9 /* XCRemoteSwiftPackageReference "firebase-ios-sdk" */;
			productName = FirebaseInstallations;
		};
		93713C1D2C23288600B41CD9 /* FirebaseMLModelDownloader */ = {
			isa = XCSwiftPackageProductDependency;
			package = 93713BFC2C23288600B41CD9 /* XCRemoteSwiftPackageReference "firebase-ios-sdk" */;
			productName = FirebaseMLModelDownloader;
		};
		93713C1F2C23288600B41CD9 /* FirebaseMessaging */ = {
			isa = XCSwiftPackageProductDependency;
			package = 93713BFC2C23288600B41CD9 /* XCRemoteSwiftPackageReference "firebase-ios-sdk" */;
			productName = FirebaseMessaging;
		};
		93713C212C23288600B41CD9 /* FirebasePerformance */ = {
			isa = XCSwiftPackageProductDependency;
			package = 93713BFC2C23288600B41CD9 /* XCRemoteSwiftPackageReference "firebase-ios-sdk" */;
			productName = FirebasePerformance;
		};
		93713C232C23288600B41CD9 /* FirebaseRemoteConfig */ = {
			isa = XCSwiftPackageProductDependency;
			package = 93713BFC2C23288600B41CD9 /* XCRemoteSwiftPackageReference "firebase-ios-sdk" */;
			productName = FirebaseRemoteConfig;
		};
		93713C252C23288600B41CD9 /* FirebaseRemoteConfigSwift */ = {
			isa = XCSwiftPackageProductDependency;
			package = 93713BFC2C23288600B41CD9 /* XCRemoteSwiftPackageReference "firebase-ios-sdk" */;
			productName = FirebaseRemoteConfigSwift;
		};
		93713C272C23288600B41CD9 /* FirebaseStorage */ = {
			isa = XCSwiftPackageProductDependency;
			package = 93713BFC2C23288600B41CD9 /* XCRemoteSwiftPackageReference "firebase-ios-sdk" */;
			productName = FirebaseStorage;
		};
		93713C292C23288600B41CD9 /* FirebaseStorageCombine-Community */ = {
			isa = XCSwiftPackageProductDependency;
			package = 93713BFC2C23288600B41CD9 /* XCRemoteSwiftPackageReference "firebase-ios-sdk" */;
			productName = "FirebaseStorageCombine-Community";
		};
		93713C2B2C23288600B41CD9 /* FirebaseVertexAI-Preview */ = {
			isa = XCSwiftPackageProductDependency;
			package = 93713BFC2C23288600B41CD9 /* XCRemoteSwiftPackageReference "firebase-ios-sdk" */;
			productName = "FirebaseVertexAI-Preview";
		};
/* End XCSwiftPackageProductDependency section */
	};
	rootObject = 3A9203D82C22751C00C4E9C4 /* Project object */;
}
